
Microsoft Visual Studio Solution File, Format Version 11.00
# Visual Studio 2010
Project("{FAE04EC0-301F-11D3-BF4B-00C04F79EFBC}") = "Peach.Core", "Peach.Core\Peach.Core.csproj", "{63C7C70D-0CBF-40EC-A11E-079B2E943D47}"
EndProject
Project("{FAE04EC0-301F-11D3-BF4B-00C04F79EFBC}") = "TestThings", "TestThings\TestThings.csproj", "{4F69CE0E-E20A-47CE-A101-8939A966CF3F}"
EndProject
Project("{FAE04EC0-301F-11D3-BF4B-00C04F79EFBC}") = "Peach", "Peach\Peach.csproj", "{52B8AB06-9191-4C0E-B308-9B3990B48E05}"
	ProjectSection(ProjectDependencies) = postProject
		{E910D9AB-C56A-4452-8370-57E0F946CB34} = {E910D9AB-C56A-4452-8370-57E0F946CB34}
	EndProjectSection
EndProject
Project("{FAE04EC0-301F-11D3-BF4B-00C04F79EFBC}") = "PeachFuzzBang", "PeachFuzzBang\PeachFuzzBang.csproj", "{F2FC3605-A247-4FFF-95E3-06F7CA333DC2}"
EndProject
Project("{FAE04EC0-301F-11D3-BF4B-00C04F79EFBC}") = "PeachNetworkFuzzer", "PeachNetworkFuzzer\PeachNetworkFuzzer.csproj", "{6886D03D-9BEC-4F11-8C7B-2802EC714237}"
EndProject
Project("{FAE04EC0-301F-11D3-BF4B-00C04F79EFBC}") = "Peach.Core.Xml", "Peach.Core.Xml\Peach.Core.Xml.csproj", "{E910D9AB-C56A-4452-8370-57E0F946CB34}"
EndProject
Project("{FAE04EC0-301F-11D3-BF4B-00C04F79EFBC}") = "PeachXmlGenerator", "PeachXmlGenerator\PeachXmlGenerator.csproj", "{14703DAB-4458-418D-B95E-5E2F2228F8C0}"
EndProject
Project("{FAE04EC0-301F-11D3-BF4B-00C04F79EFBC}") = "Peach.Core.Test", "Peach.Core.Test\Peach.Core.Test.csproj", "{D8A98103-E91F-4C24-AEA8-BF8C771A09D3}"
EndProject
Project("{FAE04EC0-301F-11D3-BF4B-00C04F79EFBC}") = "Peach.Core.Analysis", "Peach.Core.Analysis\Peach.Core.Analysis.csproj", "{804677AE-9B84-473F-94FF-E0DB5F48F753}"
EndProject
Project("{FAE04EC0-301F-11D3-BF4B-00C04F79EFBC}") = "PeachFuzzFactory", "PeachFuzzFactory\PeachFuzzFactory.csproj", "{ABB8E5FE-D905-440D-B805-8D1DC8B3E79F}"
EndProject
Project("{FAE04EC0-301F-11D3-BF4B-00C04F79EFBC}") = "Peach.Core.Proxy", "Peach.Core.Proxy\Peach.Core.Proxy.csproj", "{4E4B395D-1A06-45B3-9D81-8655270294AC}"
EndProject
Project("{FAE04EC0-301F-11D3-BF4B-00C04F79EFBC}") = "PeachSpider", "PeachSpider\PeachSpider.csproj", "{9BD96F85-A10C-4CCA-9077-7AF66FF85C36}"
EndProject
Project("{2150E333-8FDC-42A3-9474-1A3956D46DE8}") = "Solution Items", "Solution Items", "{517FD253-BB2D-447C-BEAF-8EF4291D6615}"
	ProjectSection(SolutionItems) = preProject
		ChangeList.txt = ChangeList.txt
		LICENSE.txt = LICENSE.txt
		LocalTestRun.testrunconfig = LocalTestRun.testrunconfig
		MonoCompatability.txt = MonoCompatability.txt
		README.txt = README.txt
	EndProjectSection
EndProject
Project("{FAE04EC0-301F-11D3-BF4B-00C04F79EFBC}") = "Peach.Core.Proxy.Web.Test", "Peach.Core.Proxy.Web.Test\Peach.Core.Proxy.Web.Test.csproj", "{8115535F-E2F8-4547-BBAA-0FA2401C7952}"
EndProject
Project("{FAE04EC0-301F-11D3-BF4B-00C04F79EFBC}") = "Peach.Core.Proxy.Web.Tester", "Peach.Core.Proxy.Web.Tester\Peach.Core.Proxy.Web.Tester.csproj", "{B03164AC-31F6-43CF-9D12-2CAEC1E28F48}"
EndProject
Project("{2150E333-8FDC-42A3-9474-1A3956D46DE8}") = "Test Programs", "Test Programs", "{AC1178FE-69E3-442E-ACA5-6C552119A151}"
EndProject
Project("{FAE04EC0-301F-11D3-BF4B-00C04F79EFBC}") = "PeachAssemblyFuzzer", "PeachAssemblyFuzzer\PeachAssemblyFuzzer.csproj", "{BDC70C42-B458-4E38-BBC1-2C002FA9EC70}"
EndProject
Project("{FAE04EC0-301F-11D3-BF4B-00C04F79EFBC}") = "Peach.Core.Language", "Peach.Core.Language\Peach.Core.Language.csproj", "{CDD91380-F718-459F-92B0-9AA935829AE7}"
EndProject
Project("{FAE04EC0-301F-11D3-BF4B-00C04F79EFBC}") = "Peach.Core.Language.TestAssembly", "Peach.Core.Language.TestAssembly\Peach.Core.Language.TestAssembly.csproj", "{7F7E5DD6-993D-4277-9A2B-0AF57BC02AD6}"
EndProject
Project("{FAE04EC0-301F-11D3-BF4B-00C04F79EFBC}") = "Peach.Core.ComContainer", "Peach.Core.ComContainer\Peach.Core.ComContainer.csproj", "{E788AECB-6EFC-4A96-8C83-55BDDE9A0F6C}"
EndProject
Project("{8BC9CEB8-8B4A-11D0-8D11-00A0C91BC942}") = "ComTest", "ComTest\ComTest.vcxproj", "{21441695-C170-456D-911C-F8316B4B8309}"
EndProject
Project("{8BC9CEB8-8B4A-11D0-8D11-00A0C91BC942}") = "CrashingProgram", "CrashingProgram\CrashingProgram.vcxproj", "{3C73B151-DBE6-40D9-9458-88C87BCF5922}"
EndProject
Project("{8BC9CEB8-8B4A-11D0-8D11-00A0C91BC942}") = "CrashingFileConsumer", "CrashingFileConsumer\CrashingFileConsumer.vcxproj", "{ABA857FF-840B-4839-BE6D-61EA8B292B62}"
EndProject
Project("{FAE04EC0-301F-11D3-BF4B-00C04F79EFBC}") = "Peach.Core.WindowsDebugInstance", "Peach.Core.WindowsDebugInstance\Peach.Core.WindowsDebugInstance.csproj", "{41BDC4AF-7F8E-44A1-BAA4-7B36BEE50BEF}"
EndProject
Project("{8BC9CEB8-8B4A-11D0-8D11-00A0C91BC942}") = "Peach.Core.Debuggers.Windows", "Peach.Core.Debuggers.Windows\Peach.Core.Debuggers.Windows.vcxproj", "{2985336D-9F3A-4D03-B93E-E70DE1A20271}"
EndProject
Project("{8BC9CEB8-8B4A-11D0-8D11-00A0C91BC942}") = "Peach.Core.Analysis.Pin.BasicBlocks", "Peach.Core.Analyzsis.Pin.BasicBlocks\Peach.Core.Analyzsis.Pin.BasicBlocks.vcxproj", "{DB3442E5-BAD7-41DC-B9CA-3DC859933848}"
EndProject
Project("{FAE04EC0-301F-11D3-BF4B-00C04F79EFBC}") = "PeachMinset", "PeachMinset\PeachMinset.csproj", "{A353F455-5128-42FA-BFFE-96DC2E58591A}"
EndProject
Project("{8BC9CEB8-8B4A-11D0-8D11-00A0C91BC942}") = "Peach.Core.Analysis.Pin.CoverageEdge", "Peach.Core.Analysis.Pin.CoverageEdge\Peach.Core.Analysis.Pin.CoverageEdge.vcxproj", "{3F28EC10-B35F-4CA0-9BEE-AA0F44C9C33C}"
EndProject
Project("{8BC9CEB8-8B4A-11D0-8D11-00A0C91BC942}") = "CrashableServer", "CrashableServer\CrashableServer.vcxproj", "{F8C28C52-C17D-44F0-BE88-691C463482B8}"
EndProject
Project("{FAE04EC0-301F-11D3-BF4B-00C04F79EFBC}") = "PeachHooker", "PeachHooker\PeachHooker.csproj", "{BA14CB04-351F-4139-A5B8-058718BA42AA}"
EndProject
Project("{FAE04EC0-301F-11D3-BF4B-00C04F79EFBC}") = "PeachHooker.Network", "PeachHooker.Network\PeachHooker.Network.csproj", "{D02D5D3A-7CB4-4772-8FB7-9D441A88DD03}"
EndProject
Project("{FAE04EC0-301F-11D3-BF4B-00C04F79EFBC}") = "PeachHooker.File", "PeachHooker.File\PeachHooker.File.csproj", "{A4EAD851-59CD-4549-9D09-C3BA32A50E49}"
EndProject
Global
	GlobalSection(TestCaseManagementSettings) = postSolution
		CategoryFile = Peach.net3.vsmdi
	EndGlobalSection
	GlobalSection(SolutionConfigurationPlatforms) = preSolution
		Debug|Any CPU = Debug|Any CPU
		Debug|Mixed Platforms = Debug|Mixed Platforms
		Debug|Win32 = Debug|Win32
		Debug|x64 = Debug|x64
		Debug|x86 = Debug|x86
		Release|Any CPU = Release|Any CPU
		Release|Mixed Platforms = Release|Mixed Platforms
		Release|Win32 = Release|Win32
		Release|x64 = Release|x64
		Release|x86 = Release|x86
	EndGlobalSection
	GlobalSection(ProjectConfigurationPlatforms) = postSolution
		{63C7C70D-0CBF-40EC-A11E-079B2E943D47}.Debug|Any CPU.ActiveCfg = Debug|Any CPU
		{63C7C70D-0CBF-40EC-A11E-079B2E943D47}.Debug|Any CPU.Build.0 = Debug|Any CPU
		{63C7C70D-0CBF-40EC-A11E-079B2E943D47}.Debug|Mixed Platforms.ActiveCfg = Debug|Any CPU
		{63C7C70D-0CBF-40EC-A11E-079B2E943D47}.Debug|Mixed Platforms.Build.0 = Debug|Any CPU
		{63C7C70D-0CBF-40EC-A11E-079B2E943D47}.Debug|Win32.ActiveCfg = Debug|Any CPU
		{63C7C70D-0CBF-40EC-A11E-079B2E943D47}.Debug|x64.ActiveCfg = Debug|x64
		{63C7C70D-0CBF-40EC-A11E-079B2E943D47}.Debug|x64.Build.0 = Debug|x64
		{63C7C70D-0CBF-40EC-A11E-079B2E943D47}.Debug|x86.ActiveCfg = Debug|x86
		{63C7C70D-0CBF-40EC-A11E-079B2E943D47}.Debug|x86.Build.0 = Debug|x86
		{63C7C70D-0CBF-40EC-A11E-079B2E943D47}.Release|Any CPU.ActiveCfg = Release|Any CPU
		{63C7C70D-0CBF-40EC-A11E-079B2E943D47}.Release|Any CPU.Build.0 = Release|Any CPU
		{63C7C70D-0CBF-40EC-A11E-079B2E943D47}.Release|Mixed Platforms.ActiveCfg = Release|Any CPU
		{63C7C70D-0CBF-40EC-A11E-079B2E943D47}.Release|Mixed Platforms.Build.0 = Release|Any CPU
		{63C7C70D-0CBF-40EC-A11E-079B2E943D47}.Release|Win32.ActiveCfg = Release|Any CPU
		{63C7C70D-0CBF-40EC-A11E-079B2E943D47}.Release|x64.ActiveCfg = Release|x64
		{63C7C70D-0CBF-40EC-A11E-079B2E943D47}.Release|x64.Build.0 = Release|x64
		{63C7C70D-0CBF-40EC-A11E-079B2E943D47}.Release|x86.ActiveCfg = Release|x86
		{63C7C70D-0CBF-40EC-A11E-079B2E943D47}.Release|x86.Build.0 = Release|x86
		{4F69CE0E-E20A-47CE-A101-8939A966CF3F}.Debug|Any CPU.ActiveCfg = Debug|Any CPU
		{4F69CE0E-E20A-47CE-A101-8939A966CF3F}.Debug|Any CPU.Build.0 = Debug|Any CPU
		{4F69CE0E-E20A-47CE-A101-8939A966CF3F}.Debug|Mixed Platforms.ActiveCfg = Debug|Any CPU
		{4F69CE0E-E20A-47CE-A101-8939A966CF3F}.Debug|Mixed Platforms.Build.0 = Debug|Any CPU
		{4F69CE0E-E20A-47CE-A101-8939A966CF3F}.Debug|Win32.ActiveCfg = Debug|Any CPU
		{4F69CE0E-E20A-47CE-A101-8939A966CF3F}.Debug|x64.ActiveCfg = Debug|x64
		{4F69CE0E-E20A-47CE-A101-8939A966CF3F}.Debug|x64.Build.0 = Debug|x64
		{4F69CE0E-E20A-47CE-A101-8939A966CF3F}.Debug|x86.ActiveCfg = Debug|x86
		{4F69CE0E-E20A-47CE-A101-8939A966CF3F}.Debug|x86.Build.0 = Debug|x86
		{4F69CE0E-E20A-47CE-A101-8939A966CF3F}.Release|Any CPU.ActiveCfg = Release|Any CPU
		{4F69CE0E-E20A-47CE-A101-8939A966CF3F}.Release|Any CPU.Build.0 = Release|Any CPU
		{4F69CE0E-E20A-47CE-A101-8939A966CF3F}.Release|Mixed Platforms.ActiveCfg = Release|Any CPU
		{4F69CE0E-E20A-47CE-A101-8939A966CF3F}.Release|Mixed Platforms.Build.0 = Release|Any CPU
		{4F69CE0E-E20A-47CE-A101-8939A966CF3F}.Release|Win32.ActiveCfg = Release|Any CPU
		{4F69CE0E-E20A-47CE-A101-8939A966CF3F}.Release|x64.ActiveCfg = Release|x64
		{4F69CE0E-E20A-47CE-A101-8939A966CF3F}.Release|x64.Build.0 = Release|x64
		{4F69CE0E-E20A-47CE-A101-8939A966CF3F}.Release|x86.ActiveCfg = Release|x86
		{52B8AB06-9191-4C0E-B308-9B3990B48E05}.Debug|Any CPU.ActiveCfg = Debug|Any CPU
		{52B8AB06-9191-4C0E-B308-9B3990B48E05}.Debug|Any CPU.Build.0 = Debug|Any CPU
		{52B8AB06-9191-4C0E-B308-9B3990B48E05}.Debug|Mixed Platforms.ActiveCfg = Debug|Any CPU
		{52B8AB06-9191-4C0E-B308-9B3990B48E05}.Debug|Mixed Platforms.Build.0 = Debug|Any CPU
		{52B8AB06-9191-4C0E-B308-9B3990B48E05}.Debug|Win32.ActiveCfg = Debug|Any CPU
		{52B8AB06-9191-4C0E-B308-9B3990B48E05}.Debug|x64.ActiveCfg = Debug|x64
		{52B8AB06-9191-4C0E-B308-9B3990B48E05}.Debug|x64.Build.0 = Debug|x64
		{52B8AB06-9191-4C0E-B308-9B3990B48E05}.Debug|x86.ActiveCfg = Debug|x86
		{52B8AB06-9191-4C0E-B308-9B3990B48E05}.Debug|x86.Build.0 = Debug|x86
		{52B8AB06-9191-4C0E-B308-9B3990B48E05}.Release|Any CPU.ActiveCfg = Release|Any CPU
		{52B8AB06-9191-4C0E-B308-9B3990B48E05}.Release|Any CPU.Build.0 = Release|Any CPU
		{52B8AB06-9191-4C0E-B308-9B3990B48E05}.Release|Mixed Platforms.ActiveCfg = Release|Any CPU
		{52B8AB06-9191-4C0E-B308-9B3990B48E05}.Release|Mixed Platforms.Build.0 = Release|Any CPU
		{52B8AB06-9191-4C0E-B308-9B3990B48E05}.Release|Win32.ActiveCfg = Release|Any CPU
		{52B8AB06-9191-4C0E-B308-9B3990B48E05}.Release|x64.ActiveCfg = Release|x64
		{52B8AB06-9191-4C0E-B308-9B3990B48E05}.Release|x64.Build.0 = Release|x64
		{52B8AB06-9191-4C0E-B308-9B3990B48E05}.Release|x86.ActiveCfg = Release|x86
		{52B8AB06-9191-4C0E-B308-9B3990B48E05}.Release|x86.Build.0 = Release|x86
		{F2FC3605-A247-4FFF-95E3-06F7CA333DC2}.Debug|Any CPU.ActiveCfg = Debug|Any CPU
		{F2FC3605-A247-4FFF-95E3-06F7CA333DC2}.Debug|Any CPU.Build.0 = Debug|Any CPU
		{F2FC3605-A247-4FFF-95E3-06F7CA333DC2}.Debug|Mixed Platforms.ActiveCfg = Debug|Any CPU
		{F2FC3605-A247-4FFF-95E3-06F7CA333DC2}.Debug|Mixed Platforms.Build.0 = Debug|Any CPU
		{F2FC3605-A247-4FFF-95E3-06F7CA333DC2}.Debug|Win32.ActiveCfg = Debug|Any CPU
		{F2FC3605-A247-4FFF-95E3-06F7CA333DC2}.Debug|x64.ActiveCfg = Debug|x64
		{F2FC3605-A247-4FFF-95E3-06F7CA333DC2}.Debug|x64.Build.0 = Debug|x64
		{F2FC3605-A247-4FFF-95E3-06F7CA333DC2}.Debug|x86.ActiveCfg = Debug|x86
		{F2FC3605-A247-4FFF-95E3-06F7CA333DC2}.Debug|x86.Build.0 = Debug|x86
		{F2FC3605-A247-4FFF-95E3-06F7CA333DC2}.Release|Any CPU.ActiveCfg = Release|Any CPU
		{F2FC3605-A247-4FFF-95E3-06F7CA333DC2}.Release|Any CPU.Build.0 = Release|Any CPU
		{F2FC3605-A247-4FFF-95E3-06F7CA333DC2}.Release|Mixed Platforms.ActiveCfg = Release|Any CPU
		{F2FC3605-A247-4FFF-95E3-06F7CA333DC2}.Release|Mixed Platforms.Build.0 = Release|Any CPU
		{F2FC3605-A247-4FFF-95E3-06F7CA333DC2}.Release|Win32.ActiveCfg = Release|Any CPU
		{F2FC3605-A247-4FFF-95E3-06F7CA333DC2}.Release|x64.ActiveCfg = Release|x64
		{F2FC3605-A247-4FFF-95E3-06F7CA333DC2}.Release|x64.Build.0 = Release|x64
		{F2FC3605-A247-4FFF-95E3-06F7CA333DC2}.Release|x86.ActiveCfg = Release|x86
		{F2FC3605-A247-4FFF-95E3-06F7CA333DC2}.Release|x86.Build.0 = Release|x86
		{6886D03D-9BEC-4F11-8C7B-2802EC714237}.Debug|Any CPU.ActiveCfg = Debug|Any CPU
		{6886D03D-9BEC-4F11-8C7B-2802EC714237}.Debug|Any CPU.Build.0 = Debug|Any CPU
		{6886D03D-9BEC-4F11-8C7B-2802EC714237}.Debug|Mixed Platforms.ActiveCfg = Debug|Any CPU
		{6886D03D-9BEC-4F11-8C7B-2802EC714237}.Debug|Mixed Platforms.Build.0 = Debug|Any CPU
		{6886D03D-9BEC-4F11-8C7B-2802EC714237}.Debug|Win32.ActiveCfg = Debug|Any CPU
		{6886D03D-9BEC-4F11-8C7B-2802EC714237}.Debug|x64.ActiveCfg = Debug|x64
		{6886D03D-9BEC-4F11-8C7B-2802EC714237}.Debug|x64.Build.0 = Debug|x64
		{6886D03D-9BEC-4F11-8C7B-2802EC714237}.Debug|x86.ActiveCfg = Debug|Any CPU
		{6886D03D-9BEC-4F11-8C7B-2802EC714237}.Debug|x86.Build.0 = Debug|Any CPU
		{6886D03D-9BEC-4F11-8C7B-2802EC714237}.Release|Any CPU.ActiveCfg = Release|Any CPU
		{6886D03D-9BEC-4F11-8C7B-2802EC714237}.Release|Any CPU.Build.0 = Release|Any CPU
		{6886D03D-9BEC-4F11-8C7B-2802EC714237}.Release|Mixed Platforms.ActiveCfg = Release|Any CPU
		{6886D03D-9BEC-4F11-8C7B-2802EC714237}.Release|Mixed Platforms.Build.0 = Release|Any CPU
		{6886D03D-9BEC-4F11-8C7B-2802EC714237}.Release|Win32.ActiveCfg = Release|Any CPU
		{6886D03D-9BEC-4F11-8C7B-2802EC714237}.Release|x64.ActiveCfg = Release|x64
		{6886D03D-9BEC-4F11-8C7B-2802EC714237}.Release|x64.Build.0 = Release|x64
		{6886D03D-9BEC-4F11-8C7B-2802EC714237}.Release|x86.ActiveCfg = Release|Any CPU
		{6886D03D-9BEC-4F11-8C7B-2802EC714237}.Release|x86.Build.0 = Release|Any CPU
		{E910D9AB-C56A-4452-8370-57E0F946CB34}.Debug|Any CPU.ActiveCfg = Debug|Any CPU
		{E910D9AB-C56A-4452-8370-57E0F946CB34}.Debug|Any CPU.Build.0 = Debug|Any CPU
		{E910D9AB-C56A-4452-8370-57E0F946CB34}.Debug|Mixed Platforms.ActiveCfg = Debug|Any CPU
		{E910D9AB-C56A-4452-8370-57E0F946CB34}.Debug|Mixed Platforms.Build.0 = Debug|Any CPU
		{E910D9AB-C56A-4452-8370-57E0F946CB34}.Debug|Win32.ActiveCfg = Debug|Any CPU
		{E910D9AB-C56A-4452-8370-57E0F946CB34}.Debug|x64.ActiveCfg = Debug|x64
		{E910D9AB-C56A-4452-8370-57E0F946CB34}.Debug|x64.Build.0 = Debug|x64
		{E910D9AB-C56A-4452-8370-57E0F946CB34}.Debug|x86.ActiveCfg = Debug|Any CPU
		{E910D9AB-C56A-4452-8370-57E0F946CB34}.Debug|x86.Build.0 = Debug|Any CPU
		{E910D9AB-C56A-4452-8370-57E0F946CB34}.Release|Any CPU.ActiveCfg = Release|Any CPU
		{E910D9AB-C56A-4452-8370-57E0F946CB34}.Release|Any CPU.Build.0 = Release|Any CPU
		{E910D9AB-C56A-4452-8370-57E0F946CB34}.Release|Mixed Platforms.ActiveCfg = Release|Any CPU
		{E910D9AB-C56A-4452-8370-57E0F946CB34}.Release|Mixed Platforms.Build.0 = Release|Any CPU
		{E910D9AB-C56A-4452-8370-57E0F946CB34}.Release|Win32.ActiveCfg = Release|Any CPU
		{E910D9AB-C56A-4452-8370-57E0F946CB34}.Release|x64.ActiveCfg = Release|x64
		{E910D9AB-C56A-4452-8370-57E0F946CB34}.Release|x64.Build.0 = Release|x64
		{E910D9AB-C56A-4452-8370-57E0F946CB34}.Release|x86.ActiveCfg = Release|Any CPU
		{E910D9AB-C56A-4452-8370-57E0F946CB34}.Release|x86.Build.0 = Release|Any CPU
		{14703DAB-4458-418D-B95E-5E2F2228F8C0}.Debug|Any CPU.ActiveCfg = Debug|x86
		{14703DAB-4458-418D-B95E-5E2F2228F8C0}.Debug|Mixed Platforms.ActiveCfg = Debug|x86
		{14703DAB-4458-418D-B95E-5E2F2228F8C0}.Debug|Mixed Platforms.Build.0 = Debug|x86
		{14703DAB-4458-418D-B95E-5E2F2228F8C0}.Debug|Win32.ActiveCfg = Debug|x86
		{14703DAB-4458-418D-B95E-5E2F2228F8C0}.Debug|x64.ActiveCfg = Debug|x64
		{14703DAB-4458-418D-B95E-5E2F2228F8C0}.Debug|x64.Build.0 = Debug|x64
		{14703DAB-4458-418D-B95E-5E2F2228F8C0}.Debug|x86.ActiveCfg = Debug|x86
		{14703DAB-4458-418D-B95E-5E2F2228F8C0}.Debug|x86.Build.0 = Debug|x86
		{14703DAB-4458-418D-B95E-5E2F2228F8C0}.Release|Any CPU.ActiveCfg = Release|x86
		{14703DAB-4458-418D-B95E-5E2F2228F8C0}.Release|Mixed Platforms.ActiveCfg = Release|x86
		{14703DAB-4458-418D-B95E-5E2F2228F8C0}.Release|Mixed Platforms.Build.0 = Release|x86
		{14703DAB-4458-418D-B95E-5E2F2228F8C0}.Release|Win32.ActiveCfg = Release|x86
		{14703DAB-4458-418D-B95E-5E2F2228F8C0}.Release|x64.ActiveCfg = Release|x64
		{14703DAB-4458-418D-B95E-5E2F2228F8C0}.Release|x86.ActiveCfg = Release|x86
		{14703DAB-4458-418D-B95E-5E2F2228F8C0}.Release|x86.Build.0 = Release|x86
		{D8A98103-E91F-4C24-AEA8-BF8C771A09D3}.Debug|Any CPU.ActiveCfg = Debug|Any CPU
		{D8A98103-E91F-4C24-AEA8-BF8C771A09D3}.Debug|Any CPU.Build.0 = Debug|Any CPU
		{D8A98103-E91F-4C24-AEA8-BF8C771A09D3}.Debug|Mixed Platforms.ActiveCfg = Debug|Any CPU
		{D8A98103-E91F-4C24-AEA8-BF8C771A09D3}.Debug|Mixed Platforms.Build.0 = Debug|Any CPU
		{D8A98103-E91F-4C24-AEA8-BF8C771A09D3}.Debug|Win32.ActiveCfg = Debug|Any CPU
		{D8A98103-E91F-4C24-AEA8-BF8C771A09D3}.Debug|x64.ActiveCfg = Debug|x64
		{D8A98103-E91F-4C24-AEA8-BF8C771A09D3}.Debug|x64.Build.0 = Debug|x64
		{D8A98103-E91F-4C24-AEA8-BF8C771A09D3}.Debug|x86.ActiveCfg = Debug|Any CPU
		{D8A98103-E91F-4C24-AEA8-BF8C771A09D3}.Debug|x86.Build.0 = Debug|Any CPU
		{D8A98103-E91F-4C24-AEA8-BF8C771A09D3}.Release|Any CPU.ActiveCfg = Release|Any CPU
		{D8A98103-E91F-4C24-AEA8-BF8C771A09D3}.Release|Any CPU.Build.0 = Release|Any CPU
		{D8A98103-E91F-4C24-AEA8-BF8C771A09D3}.Release|Mixed Platforms.ActiveCfg = Release|Any CPU
		{D8A98103-E91F-4C24-AEA8-BF8C771A09D3}.Release|Mixed Platforms.Build.0 = Release|Any CPU
		{D8A98103-E91F-4C24-AEA8-BF8C771A09D3}.Release|Win32.ActiveCfg = Release|Any CPU
		{D8A98103-E91F-4C24-AEA8-BF8C771A09D3}.Release|x64.ActiveCfg = Release|x64
		{D8A98103-E91F-4C24-AEA8-BF8C771A09D3}.Release|x64.Build.0 = Release|x64
		{D8A98103-E91F-4C24-AEA8-BF8C771A09D3}.Release|x86.ActiveCfg = Release|Any CPU
		{804677AE-9B84-473F-94FF-E0DB5F48F753}.Debug|Any CPU.ActiveCfg = Debug|Any CPU
		{804677AE-9B84-473F-94FF-E0DB5F48F753}.Debug|Any CPU.Build.0 = Debug|Any CPU
		{804677AE-9B84-473F-94FF-E0DB5F48F753}.Debug|Mixed Platforms.ActiveCfg = Debug|Any CPU
		{804677AE-9B84-473F-94FF-E0DB5F48F753}.Debug|Mixed Platforms.Build.0 = Debug|Any CPU
		{804677AE-9B84-473F-94FF-E0DB5F48F753}.Debug|Win32.ActiveCfg = Debug|Any CPU
		{804677AE-9B84-473F-94FF-E0DB5F48F753}.Debug|x64.ActiveCfg = Debug|x64
		{804677AE-9B84-473F-94FF-E0DB5F48F753}.Debug|x64.Build.0 = Debug|x64
		{804677AE-9B84-473F-94FF-E0DB5F48F753}.Debug|x86.ActiveCfg = Debug|Any CPU
		{804677AE-9B84-473F-94FF-E0DB5F48F753}.Debug|x86.Build.0 = Debug|Any CPU
		{804677AE-9B84-473F-94FF-E0DB5F48F753}.Release|Any CPU.ActiveCfg = Release|Any CPU
		{804677AE-9B84-473F-94FF-E0DB5F48F753}.Release|Any CPU.Build.0 = Release|Any CPU
		{804677AE-9B84-473F-94FF-E0DB5F48F753}.Release|Mixed Platforms.ActiveCfg = Release|Any CPU
		{804677AE-9B84-473F-94FF-E0DB5F48F753}.Release|Mixed Platforms.Build.0 = Release|Any CPU
		{804677AE-9B84-473F-94FF-E0DB5F48F753}.Release|Win32.ActiveCfg = Release|Any CPU
		{804677AE-9B84-473F-94FF-E0DB5F48F753}.Release|x64.ActiveCfg = Release|x64
		{804677AE-9B84-473F-94FF-E0DB5F48F753}.Release|x64.Build.0 = Release|x64
		{804677AE-9B84-473F-94FF-E0DB5F48F753}.Release|x86.ActiveCfg = Release|Any CPU
		{804677AE-9B84-473F-94FF-E0DB5F48F753}.Release|x86.Build.0 = Release|Any CPU
		{ABB8E5FE-D905-440D-B805-8D1DC8B3E79F}.Debug|Any CPU.ActiveCfg = Debug|x86
		{ABB8E5FE-D905-440D-B805-8D1DC8B3E79F}.Debug|Mixed Platforms.ActiveCfg = Debug|x86
		{ABB8E5FE-D905-440D-B805-8D1DC8B3E79F}.Debug|Mixed Platforms.Build.0 = Debug|x86
		{ABB8E5FE-D905-440D-B805-8D1DC8B3E79F}.Debug|Win32.ActiveCfg = Debug|x86
		{ABB8E5FE-D905-440D-B805-8D1DC8B3E79F}.Debug|x64.ActiveCfg = Debug|x64
		{ABB8E5FE-D905-440D-B805-8D1DC8B3E79F}.Debug|x86.ActiveCfg = Debug|x86
		{ABB8E5FE-D905-440D-B805-8D1DC8B3E79F}.Debug|x86.Build.0 = Debug|x86
		{ABB8E5FE-D905-440D-B805-8D1DC8B3E79F}.Release|Any CPU.ActiveCfg = Release|x86
		{ABB8E5FE-D905-440D-B805-8D1DC8B3E79F}.Release|Mixed Platforms.ActiveCfg = Release|x86
		{ABB8E5FE-D905-440D-B805-8D1DC8B3E79F}.Release|Mixed Platforms.Build.0 = Release|x86
		{ABB8E5FE-D905-440D-B805-8D1DC8B3E79F}.Release|Win32.ActiveCfg = Release|x86
		{ABB8E5FE-D905-440D-B805-8D1DC8B3E79F}.Release|x64.ActiveCfg = Release|x64
		{ABB8E5FE-D905-440D-B805-8D1DC8B3E79F}.Release|x86.ActiveCfg = Release|x86
		{4E4B395D-1A06-45B3-9D81-8655270294AC}.Debug|Any CPU.ActiveCfg = Debug|Any CPU
		{4E4B395D-1A06-45B3-9D81-8655270294AC}.Debug|Any CPU.Build.0 = Debug|Any CPU
		{4E4B395D-1A06-45B3-9D81-8655270294AC}.Debug|Mixed Platforms.ActiveCfg = Debug|Any CPU
		{4E4B395D-1A06-45B3-9D81-8655270294AC}.Debug|Mixed Platforms.Build.0 = Debug|Any CPU
		{4E4B395D-1A06-45B3-9D81-8655270294AC}.Debug|Win32.ActiveCfg = Debug|Any CPU
		{4E4B395D-1A06-45B3-9D81-8655270294AC}.Debug|x64.ActiveCfg = Debug|x64
		{4E4B395D-1A06-45B3-9D81-8655270294AC}.Debug|x64.Build.0 = Debug|x64
		{4E4B395D-1A06-45B3-9D81-8655270294AC}.Debug|x86.ActiveCfg = Debug|Any CPU
		{4E4B395D-1A06-45B3-9D81-8655270294AC}.Debug|x86.Build.0 = Debug|Any CPU
		{4E4B395D-1A06-45B3-9D81-8655270294AC}.Release|Any CPU.ActiveCfg = Release|Any CPU
		{4E4B395D-1A06-45B3-9D81-8655270294AC}.Release|Any CPU.Build.0 = Release|Any CPU
		{4E4B395D-1A06-45B3-9D81-8655270294AC}.Release|Mixed Platforms.ActiveCfg = Release|Any CPU
		{4E4B395D-1A06-45B3-9D81-8655270294AC}.Release|Mixed Platforms.Build.0 = Release|Any CPU
		{4E4B395D-1A06-45B3-9D81-8655270294AC}.Release|Win32.ActiveCfg = Release|Any CPU
		{4E4B395D-1A06-45B3-9D81-8655270294AC}.Release|x64.ActiveCfg = Release|x64
		{4E4B395D-1A06-45B3-9D81-8655270294AC}.Release|x64.Build.0 = Release|x64
		{4E4B395D-1A06-45B3-9D81-8655270294AC}.Release|x86.ActiveCfg = Release|Any CPU
		{4E4B395D-1A06-45B3-9D81-8655270294AC}.Release|x86.Build.0 = Release|Any CPU
		{9BD96F85-A10C-4CCA-9077-7AF66FF85C36}.Debug|Any CPU.ActiveCfg = Debug|x86
		{9BD96F85-A10C-4CCA-9077-7AF66FF85C36}.Debug|Mixed Platforms.ActiveCfg = Debug|x86
		{9BD96F85-A10C-4CCA-9077-7AF66FF85C36}.Debug|Mixed Platforms.Build.0 = Debug|x86
		{9BD96F85-A10C-4CCA-9077-7AF66FF85C36}.Debug|Win32.ActiveCfg = Debug|x86
		{9BD96F85-A10C-4CCA-9077-7AF66FF85C36}.Debug|x64.ActiveCfg = Debug|x64
		{9BD96F85-A10C-4CCA-9077-7AF66FF85C36}.Debug|x64.Build.0 = Debug|x64
		{9BD96F85-A10C-4CCA-9077-7AF66FF85C36}.Debug|x86.ActiveCfg = Debug|x86
		{9BD96F85-A10C-4CCA-9077-7AF66FF85C36}.Debug|x86.Build.0 = Debug|x86
		{9BD96F85-A10C-4CCA-9077-7AF66FF85C36}.Release|Any CPU.ActiveCfg = Release|x86
		{9BD96F85-A10C-4CCA-9077-7AF66FF85C36}.Release|Mixed Platforms.ActiveCfg = Release|x86
		{9BD96F85-A10C-4CCA-9077-7AF66FF85C36}.Release|Mixed Platforms.Build.0 = Release|x86
		{9BD96F85-A10C-4CCA-9077-7AF66FF85C36}.Release|Win32.ActiveCfg = Release|x86
		{9BD96F85-A10C-4CCA-9077-7AF66FF85C36}.Release|x64.ActiveCfg = Release|x64
		{9BD96F85-A10C-4CCA-9077-7AF66FF85C36}.Release|x86.ActiveCfg = Release|x86
		{9BD96F85-A10C-4CCA-9077-7AF66FF85C36}.Release|x86.Build.0 = Release|x86
		{8115535F-E2F8-4547-BBAA-0FA2401C7952}.Debug|Any CPU.ActiveCfg = Debug|Any CPU
		{8115535F-E2F8-4547-BBAA-0FA2401C7952}.Debug|Any CPU.Build.0 = Debug|Any CPU
		{8115535F-E2F8-4547-BBAA-0FA2401C7952}.Debug|Mixed Platforms.ActiveCfg = Debug|Any CPU
		{8115535F-E2F8-4547-BBAA-0FA2401C7952}.Debug|Mixed Platforms.Build.0 = Debug|Any CPU
		{8115535F-E2F8-4547-BBAA-0FA2401C7952}.Debug|Win32.ActiveCfg = Debug|Any CPU
		{8115535F-E2F8-4547-BBAA-0FA2401C7952}.Debug|x64.ActiveCfg = Debug|x64
		{8115535F-E2F8-4547-BBAA-0FA2401C7952}.Debug|x64.Build.0 = Debug|x64
		{8115535F-E2F8-4547-BBAA-0FA2401C7952}.Debug|x86.ActiveCfg = Debug|Any CPU
		{8115535F-E2F8-4547-BBAA-0FA2401C7952}.Debug|x86.Build.0 = Debug|Any CPU
		{8115535F-E2F8-4547-BBAA-0FA2401C7952}.Release|Any CPU.ActiveCfg = Release|Any CPU
		{8115535F-E2F8-4547-BBAA-0FA2401C7952}.Release|Any CPU.Build.0 = Release|Any CPU
		{8115535F-E2F8-4547-BBAA-0FA2401C7952}.Release|Mixed Platforms.ActiveCfg = Release|Any CPU
		{8115535F-E2F8-4547-BBAA-0FA2401C7952}.Release|Mixed Platforms.Build.0 = Release|Any CPU
		{8115535F-E2F8-4547-BBAA-0FA2401C7952}.Release|Win32.ActiveCfg = Release|Any CPU
		{8115535F-E2F8-4547-BBAA-0FA2401C7952}.Release|x64.ActiveCfg = Release|x64
		{8115535F-E2F8-4547-BBAA-0FA2401C7952}.Release|x64.Build.0 = Release|x64
		{8115535F-E2F8-4547-BBAA-0FA2401C7952}.Release|x86.ActiveCfg = Release|Any CPU
		{8115535F-E2F8-4547-BBAA-0FA2401C7952}.Release|x86.Build.0 = Release|Any CPU
		{B03164AC-31F6-43CF-9D12-2CAEC1E28F48}.Debug|Any CPU.ActiveCfg = Debug|x86
		{B03164AC-31F6-43CF-9D12-2CAEC1E28F48}.Debug|Mixed Platforms.ActiveCfg = Debug|x86
		{B03164AC-31F6-43CF-9D12-2CAEC1E28F48}.Debug|Mixed Platforms.Build.0 = Debug|x86
		{B03164AC-31F6-43CF-9D12-2CAEC1E28F48}.Debug|Win32.ActiveCfg = Debug|x86
		{B03164AC-31F6-43CF-9D12-2CAEC1E28F48}.Debug|x64.ActiveCfg = Debug|x64
		{B03164AC-31F6-43CF-9D12-2CAEC1E28F48}.Debug|x86.ActiveCfg = Debug|x86
		{B03164AC-31F6-43CF-9D12-2CAEC1E28F48}.Debug|x86.Build.0 = Debug|x86
		{B03164AC-31F6-43CF-9D12-2CAEC1E28F48}.Release|Any CPU.ActiveCfg = Release|x86
		{B03164AC-31F6-43CF-9D12-2CAEC1E28F48}.Release|Mixed Platforms.ActiveCfg = Release|x86
		{B03164AC-31F6-43CF-9D12-2CAEC1E28F48}.Release|Mixed Platforms.Build.0 = Release|x86
		{B03164AC-31F6-43CF-9D12-2CAEC1E28F48}.Release|Win32.ActiveCfg = Release|x86
		{B03164AC-31F6-43CF-9D12-2CAEC1E28F48}.Release|x64.ActiveCfg = Release|x64
		{B03164AC-31F6-43CF-9D12-2CAEC1E28F48}.Release|x86.ActiveCfg = Release|x86
		{B03164AC-31F6-43CF-9D12-2CAEC1E28F48}.Release|x86.Build.0 = Release|x86
		{BDC70C42-B458-4E38-BBC1-2C002FA9EC70}.Debug|Any CPU.ActiveCfg = Debug|x86
		{BDC70C42-B458-4E38-BBC1-2C002FA9EC70}.Debug|Mixed Platforms.ActiveCfg = Debug|x86
		{BDC70C42-B458-4E38-BBC1-2C002FA9EC70}.Debug|Mixed Platforms.Build.0 = Debug|x86
		{BDC70C42-B458-4E38-BBC1-2C002FA9EC70}.Debug|Win32.ActiveCfg = Debug|x86
		{BDC70C42-B458-4E38-BBC1-2C002FA9EC70}.Debug|x64.ActiveCfg = Debug|x64
		{BDC70C42-B458-4E38-BBC1-2C002FA9EC70}.Debug|x64.Build.0 = Debug|x64
		{BDC70C42-B458-4E38-BBC1-2C002FA9EC70}.Debug|x86.ActiveCfg = Debug|x86
		{BDC70C42-B458-4E38-BBC1-2C002FA9EC70}.Debug|x86.Build.0 = Debug|x86
		{BDC70C42-B458-4E38-BBC1-2C002FA9EC70}.Release|Any CPU.ActiveCfg = Release|x86
		{BDC70C42-B458-4E38-BBC1-2C002FA9EC70}.Release|Mixed Platforms.ActiveCfg = Release|x86
		{BDC70C42-B458-4E38-BBC1-2C002FA9EC70}.Release|Mixed Platforms.Build.0 = Release|x86
		{BDC70C42-B458-4E38-BBC1-2C002FA9EC70}.Release|Win32.ActiveCfg = Release|x86
		{BDC70C42-B458-4E38-BBC1-2C002FA9EC70}.Release|x64.ActiveCfg = Release|x64
		{BDC70C42-B458-4E38-BBC1-2C002FA9EC70}.Release|x86.ActiveCfg = Release|x86
		{BDC70C42-B458-4E38-BBC1-2C002FA9EC70}.Release|x86.Build.0 = Release|x86
		{CDD91380-F718-459F-92B0-9AA935829AE7}.Debug|Any CPU.ActiveCfg = Debug|Any CPU
		{CDD91380-F718-459F-92B0-9AA935829AE7}.Debug|Any CPU.Build.0 = Debug|Any CPU
		{CDD91380-F718-459F-92B0-9AA935829AE7}.Debug|Mixed Platforms.ActiveCfg = Debug|Any CPU
		{CDD91380-F718-459F-92B0-9AA935829AE7}.Debug|Mixed Platforms.Build.0 = Debug|Any CPU
		{CDD91380-F718-459F-92B0-9AA935829AE7}.Debug|Win32.ActiveCfg = Debug|Any CPU
		{CDD91380-F718-459F-92B0-9AA935829AE7}.Debug|x64.ActiveCfg = Debug|x64
		{CDD91380-F718-459F-92B0-9AA935829AE7}.Debug|x64.Build.0 = Debug|x64
		{CDD91380-F718-459F-92B0-9AA935829AE7}.Debug|x86.ActiveCfg = Debug|Any CPU
		{CDD91380-F718-459F-92B0-9AA935829AE7}.Release|Any CPU.ActiveCfg = Release|Any CPU
		{CDD91380-F718-459F-92B0-9AA935829AE7}.Release|Any CPU.Build.0 = Release|Any CPU
		{CDD91380-F718-459F-92B0-9AA935829AE7}.Release|Mixed Platforms.ActiveCfg = Release|Any CPU
		{CDD91380-F718-459F-92B0-9AA935829AE7}.Release|Mixed Platforms.Build.0 = Release|Any CPU
		{CDD91380-F718-459F-92B0-9AA935829AE7}.Release|Win32.ActiveCfg = Release|Any CPU
		{CDD91380-F718-459F-92B0-9AA935829AE7}.Release|x64.ActiveCfg = Release|x64
		{CDD91380-F718-459F-92B0-9AA935829AE7}.Release|x64.Build.0 = Release|x64
		{CDD91380-F718-459F-92B0-9AA935829AE7}.Release|x86.ActiveCfg = Release|Any CPU
		{CDD91380-F718-459F-92B0-9AA935829AE7}.Release|x86.Build.0 = Release|Any CPU
		{7F7E5DD6-993D-4277-9A2B-0AF57BC02AD6}.Debug|Any CPU.ActiveCfg = Debug|Any CPU
		{7F7E5DD6-993D-4277-9A2B-0AF57BC02AD6}.Debug|Any CPU.Build.0 = Debug|Any CPU
		{7F7E5DD6-993D-4277-9A2B-0AF57BC02AD6}.Debug|Mixed Platforms.ActiveCfg = Debug|Any CPU
		{7F7E5DD6-993D-4277-9A2B-0AF57BC02AD6}.Debug|Mixed Platforms.Build.0 = Debug|Any CPU
		{7F7E5DD6-993D-4277-9A2B-0AF57BC02AD6}.Debug|Win32.ActiveCfg = Debug|Any CPU
		{7F7E5DD6-993D-4277-9A2B-0AF57BC02AD6}.Debug|x64.ActiveCfg = Debug|x64
		{7F7E5DD6-993D-4277-9A2B-0AF57BC02AD6}.Debug|x64.Build.0 = Debug|x64
		{7F7E5DD6-993D-4277-9A2B-0AF57BC02AD6}.Debug|x86.ActiveCfg = Debug|Any CPU
		{7F7E5DD6-993D-4277-9A2B-0AF57BC02AD6}.Release|Any CPU.ActiveCfg = Release|Any CPU
		{7F7E5DD6-993D-4277-9A2B-0AF57BC02AD6}.Release|Any CPU.Build.0 = Release|Any CPU
		{7F7E5DD6-993D-4277-9A2B-0AF57BC02AD6}.Release|Mixed Platforms.ActiveCfg = Release|Any CPU
		{7F7E5DD6-993D-4277-9A2B-0AF57BC02AD6}.Release|Mixed Platforms.Build.0 = Release|Any CPU
		{7F7E5DD6-993D-4277-9A2B-0AF57BC02AD6}.Release|Win32.ActiveCfg = Release|Any CPU
		{7F7E5DD6-993D-4277-9A2B-0AF57BC02AD6}.Release|x64.ActiveCfg = Release|x64
		{7F7E5DD6-993D-4277-9A2B-0AF57BC02AD6}.Release|x64.Build.0 = Release|x64
		{7F7E5DD6-993D-4277-9A2B-0AF57BC02AD6}.Release|x86.ActiveCfg = Release|Any CPU
		{7F7E5DD6-993D-4277-9A2B-0AF57BC02AD6}.Release|x86.Build.0 = Release|Any CPU
		{E788AECB-6EFC-4A96-8C83-55BDDE9A0F6C}.Debug|Any CPU.ActiveCfg = Debug|x86
		{E788AECB-6EFC-4A96-8C83-55BDDE9A0F6C}.Debug|Mixed Platforms.ActiveCfg = Debug|x86
		{E788AECB-6EFC-4A96-8C83-55BDDE9A0F6C}.Debug|Mixed Platforms.Build.0 = Debug|x86
		{E788AECB-6EFC-4A96-8C83-55BDDE9A0F6C}.Debug|Win32.ActiveCfg = Debug|x86
		{E788AECB-6EFC-4A96-8C83-55BDDE9A0F6C}.Debug|x64.ActiveCfg = Debug|x64
		{E788AECB-6EFC-4A96-8C83-55BDDE9A0F6C}.Debug|x64.Build.0 = Debug|x64
		{E788AECB-6EFC-4A96-8C83-55BDDE9A0F6C}.Debug|x86.ActiveCfg = Debug|x86
		{E788AECB-6EFC-4A96-8C83-55BDDE9A0F6C}.Debug|x86.Build.0 = Debug|x86
		{E788AECB-6EFC-4A96-8C83-55BDDE9A0F6C}.Release|Any CPU.ActiveCfg = Release|x86
		{E788AECB-6EFC-4A96-8C83-55BDDE9A0F6C}.Release|Mixed Platforms.ActiveCfg = Release|x86
		{E788AECB-6EFC-4A96-8C83-55BDDE9A0F6C}.Release|Mixed Platforms.Build.0 = Release|x86
		{E788AECB-6EFC-4A96-8C83-55BDDE9A0F6C}.Release|Win32.ActiveCfg = Release|x86
		{E788AECB-6EFC-4A96-8C83-55BDDE9A0F6C}.Release|x64.ActiveCfg = Release|x64
		{E788AECB-6EFC-4A96-8C83-55BDDE9A0F6C}.Release|x86.ActiveCfg = Release|x86
		{E788AECB-6EFC-4A96-8C83-55BDDE9A0F6C}.Release|x86.Build.0 = Release|x86
		{21441695-C170-456D-911C-F8316B4B8309}.Debug|Any CPU.ActiveCfg = Debug|Win32
		{21441695-C170-456D-911C-F8316B4B8309}.Debug|Mixed Platforms.ActiveCfg = Debug|Win32
		{21441695-C170-456D-911C-F8316B4B8309}.Debug|Mixed Platforms.Build.0 = Debug|Win32
		{21441695-C170-456D-911C-F8316B4B8309}.Debug|Win32.ActiveCfg = Debug|Win32
		{21441695-C170-456D-911C-F8316B4B8309}.Debug|Win32.Build.0 = Debug|Win32
		{21441695-C170-456D-911C-F8316B4B8309}.Debug|x64.ActiveCfg = Debug|x64
		{21441695-C170-456D-911C-F8316B4B8309}.Debug|x64.Build.0 = Debug|x64
		{21441695-C170-456D-911C-F8316B4B8309}.Debug|x86.ActiveCfg = Debug|Win32
		{21441695-C170-456D-911C-F8316B4B8309}.Release|Any CPU.ActiveCfg = Release|Win32
		{21441695-C170-456D-911C-F8316B4B8309}.Release|Mixed Platforms.ActiveCfg = Release|Win32
		{21441695-C170-456D-911C-F8316B4B8309}.Release|Mixed Platforms.Build.0 = Release|Win32
		{21441695-C170-456D-911C-F8316B4B8309}.Release|Win32.ActiveCfg = Release|Win32
		{21441695-C170-456D-911C-F8316B4B8309}.Release|Win32.Build.0 = Release|Win32
		{21441695-C170-456D-911C-F8316B4B8309}.Release|x64.ActiveCfg = Release|x64
		{21441695-C170-456D-911C-F8316B4B8309}.Release|x86.ActiveCfg = Release|Win32
		{3C73B151-DBE6-40D9-9458-88C87BCF5922}.Debug|Any CPU.ActiveCfg = Debug|Win32
		{3C73B151-DBE6-40D9-9458-88C87BCF5922}.Debug|Mixed Platforms.ActiveCfg = Debug|Win32
		{3C73B151-DBE6-40D9-9458-88C87BCF5922}.Debug|Mixed Platforms.Build.0 = Debug|Win32
		{3C73B151-DBE6-40D9-9458-88C87BCF5922}.Debug|Win32.ActiveCfg = Debug|Win32
		{3C73B151-DBE6-40D9-9458-88C87BCF5922}.Debug|Win32.Build.0 = Debug|Win32
		{3C73B151-DBE6-40D9-9458-88C87BCF5922}.Debug|x64.ActiveCfg = Release|x64
		{3C73B151-DBE6-40D9-9458-88C87BCF5922}.Debug|x64.Build.0 = Release|x64
		{3C73B151-DBE6-40D9-9458-88C87BCF5922}.Debug|x86.ActiveCfg = Release|Win32
		{3C73B151-DBE6-40D9-9458-88C87BCF5922}.Release|Any CPU.ActiveCfg = Release|Win32
		{3C73B151-DBE6-40D9-9458-88C87BCF5922}.Release|Mixed Platforms.ActiveCfg = Release|Win32
		{3C73B151-DBE6-40D9-9458-88C87BCF5922}.Release|Mixed Platforms.Build.0 = Release|Win32
		{3C73B151-DBE6-40D9-9458-88C87BCF5922}.Release|Win32.ActiveCfg = Release|Win32
		{3C73B151-DBE6-40D9-9458-88C87BCF5922}.Release|Win32.Build.0 = Release|Win32
		{3C73B151-DBE6-40D9-9458-88C87BCF5922}.Release|x64.ActiveCfg = Release|x64
		{3C73B151-DBE6-40D9-9458-88C87BCF5922}.Release|x86.ActiveCfg = Release|Win32
		{ABA857FF-840B-4839-BE6D-61EA8B292B62}.Debug|Any CPU.ActiveCfg = Debug|Win32
		{ABA857FF-840B-4839-BE6D-61EA8B292B62}.Debug|Mixed Platforms.ActiveCfg = Debug|Win32
		{ABA857FF-840B-4839-BE6D-61EA8B292B62}.Debug|Mixed Platforms.Build.0 = Debug|Win32
		{ABA857FF-840B-4839-BE6D-61EA8B292B62}.Debug|Win32.ActiveCfg = Debug|Win32
		{ABA857FF-840B-4839-BE6D-61EA8B292B62}.Debug|Win32.Build.0 = Debug|Win32
		{ABA857FF-840B-4839-BE6D-61EA8B292B62}.Debug|x64.ActiveCfg = Release|x64
		{ABA857FF-840B-4839-BE6D-61EA8B292B62}.Debug|x64.Build.0 = Release|x64
		{ABA857FF-840B-4839-BE6D-61EA8B292B62}.Debug|x86.ActiveCfg = Release|Win32
		{ABA857FF-840B-4839-BE6D-61EA8B292B62}.Release|Any CPU.ActiveCfg = Release|Win32
		{ABA857FF-840B-4839-BE6D-61EA8B292B62}.Release|Mixed Platforms.ActiveCfg = Release|Win32
		{ABA857FF-840B-4839-BE6D-61EA8B292B62}.Release|Mixed Platforms.Build.0 = Release|Win32
		{ABA857FF-840B-4839-BE6D-61EA8B292B62}.Release|Win32.ActiveCfg = Release|Win32
		{ABA857FF-840B-4839-BE6D-61EA8B292B62}.Release|Win32.Build.0 = Release|Win32
		{ABA857FF-840B-4839-BE6D-61EA8B292B62}.Release|x64.ActiveCfg = Release|x64
		{ABA857FF-840B-4839-BE6D-61EA8B292B62}.Release|x86.ActiveCfg = Release|Win32
		{41BDC4AF-7F8E-44A1-BAA4-7B36BEE50BEF}.Debug|Any CPU.ActiveCfg = Debug|x86
		{41BDC4AF-7F8E-44A1-BAA4-7B36BEE50BEF}.Debug|Mixed Platforms.ActiveCfg = Debug|x86
		{41BDC4AF-7F8E-44A1-BAA4-7B36BEE50BEF}.Debug|Mixed Platforms.Build.0 = Debug|x86
		{41BDC4AF-7F8E-44A1-BAA4-7B36BEE50BEF}.Debug|Win32.ActiveCfg = Debug|x86
		{41BDC4AF-7F8E-44A1-BAA4-7B36BEE50BEF}.Debug|x64.ActiveCfg = Debug|x64
		{41BDC4AF-7F8E-44A1-BAA4-7B36BEE50BEF}.Debug|x64.Build.0 = Debug|x64
		{41BDC4AF-7F8E-44A1-BAA4-7B36BEE50BEF}.Debug|x86.ActiveCfg = Debug|x86
		{41BDC4AF-7F8E-44A1-BAA4-7B36BEE50BEF}.Debug|x86.Build.0 = Debug|x86
		{41BDC4AF-7F8E-44A1-BAA4-7B36BEE50BEF}.Release|Any CPU.ActiveCfg = Release|x86
		{41BDC4AF-7F8E-44A1-BAA4-7B36BEE50BEF}.Release|Mixed Platforms.ActiveCfg = Release|x86
		{41BDC4AF-7F8E-44A1-BAA4-7B36BEE50BEF}.Release|Mixed Platforms.Build.0 = Release|x86
		{41BDC4AF-7F8E-44A1-BAA4-7B36BEE50BEF}.Release|Win32.ActiveCfg = Release|x86
		{41BDC4AF-7F8E-44A1-BAA4-7B36BEE50BEF}.Release|x64.ActiveCfg = Release|x64
		{41BDC4AF-7F8E-44A1-BAA4-7B36BEE50BEF}.Release|x86.ActiveCfg = Release|x86
		{41BDC4AF-7F8E-44A1-BAA4-7B36BEE50BEF}.Release|x86.Build.0 = Release|x86
		{2985336D-9F3A-4D03-B93E-E70DE1A20271}.Debug|Any CPU.ActiveCfg = Debug|Win32
		{2985336D-9F3A-4D03-B93E-E70DE1A20271}.Debug|Mixed Platforms.ActiveCfg = Debug|Win32
		{2985336D-9F3A-4D03-B93E-E70DE1A20271}.Debug|Mixed Platforms.Build.0 = Debug|Win32
		{2985336D-9F3A-4D03-B93E-E70DE1A20271}.Debug|Win32.ActiveCfg = Debug|Win32
		{2985336D-9F3A-4D03-B93E-E70DE1A20271}.Debug|Win32.Build.0 = Debug|Win32
		{2985336D-9F3A-4D03-B93E-E70DE1A20271}.Debug|x64.ActiveCfg = Debug|x64
		{2985336D-9F3A-4D03-B93E-E70DE1A20271}.Debug|x64.Build.0 = Debug|x64
		{2985336D-9F3A-4D03-B93E-E70DE1A20271}.Debug|x86.ActiveCfg = Debug|Win32
		{2985336D-9F3A-4D03-B93E-E70DE1A20271}.Debug|x86.Build.0 = Debug|Win32
		{2985336D-9F3A-4D03-B93E-E70DE1A20271}.Release|Any CPU.ActiveCfg = Release|Win32
		{2985336D-9F3A-4D03-B93E-E70DE1A20271}.Release|Mixed Platforms.ActiveCfg = Release|Win32
		{2985336D-9F3A-4D03-B93E-E70DE1A20271}.Release|Mixed Platforms.Build.0 = Release|Win32
		{2985336D-9F3A-4D03-B93E-E70DE1A20271}.Release|Win32.ActiveCfg = Release|Win32
		{2985336D-9F3A-4D03-B93E-E70DE1A20271}.Release|Win32.Build.0 = Release|Win32
		{2985336D-9F3A-4D03-B93E-E70DE1A20271}.Release|x64.ActiveCfg = Release|x64
		{2985336D-9F3A-4D03-B93E-E70DE1A20271}.Release|x86.ActiveCfg = Release|Win32
		{2985336D-9F3A-4D03-B93E-E70DE1A20271}.Release|x86.Build.0 = Release|Win32
		{DB3442E5-BAD7-41DC-B9CA-3DC859933848}.Debug|Any CPU.ActiveCfg = Debug|Win32
		{DB3442E5-BAD7-41DC-B9CA-3DC859933848}.Debug|Mixed Platforms.ActiveCfg = Debug|Win32
		{DB3442E5-BAD7-41DC-B9CA-3DC859933848}.Debug|Mixed Platforms.Build.0 = Debug|Win32
		{DB3442E5-BAD7-41DC-B9CA-3DC859933848}.Debug|Win32.ActiveCfg = Debug|Win32
		{DB3442E5-BAD7-41DC-B9CA-3DC859933848}.Debug|x64.ActiveCfg = Debug|Win32
		{DB3442E5-BAD7-41DC-B9CA-3DC859933848}.Debug|x86.ActiveCfg = Debug|Win32
		{DB3442E5-BAD7-41DC-B9CA-3DC859933848}.Release|Any CPU.ActiveCfg = Release|Win32
		{DB3442E5-BAD7-41DC-B9CA-3DC859933848}.Release|Mixed Platforms.ActiveCfg = Release|Win32
		{DB3442E5-BAD7-41DC-B9CA-3DC859933848}.Release|Mixed Platforms.Build.0 = Release|Win32
		{DB3442E5-BAD7-41DC-B9CA-3DC859933848}.Release|Win32.ActiveCfg = Release|Win32
		{DB3442E5-BAD7-41DC-B9CA-3DC859933848}.Release|Win32.Build.0 = Release|Win32
		{DB3442E5-BAD7-41DC-B9CA-3DC859933848}.Release|x64.ActiveCfg = Release|Win32
		{DB3442E5-BAD7-41DC-B9CA-3DC859933848}.Release|x86.ActiveCfg = Release|Win32
		{A353F455-5128-42FA-BFFE-96DC2E58591A}.Debug|Any CPU.ActiveCfg = Debug|x86
		{A353F455-5128-42FA-BFFE-96DC2E58591A}.Debug|Mixed Platforms.ActiveCfg = Debug|x86
		{A353F455-5128-42FA-BFFE-96DC2E58591A}.Debug|Mixed Platforms.Build.0 = Debug|x86
		{A353F455-5128-42FA-BFFE-96DC2E58591A}.Debug|Win32.ActiveCfg = Debug|x86
		{A353F455-5128-42FA-BFFE-96DC2E58591A}.Debug|x64.ActiveCfg = Debug|x86
		{A353F455-5128-42FA-BFFE-96DC2E58591A}.Debug|x86.ActiveCfg = Debug|x86
		{A353F455-5128-42FA-BFFE-96DC2E58591A}.Debug|x86.Build.0 = Debug|x86
		{A353F455-5128-42FA-BFFE-96DC2E58591A}.Release|Any CPU.ActiveCfg = Release|x86
		{A353F455-5128-42FA-BFFE-96DC2E58591A}.Release|Mixed Platforms.ActiveCfg = Release|x86
		{A353F455-5128-42FA-BFFE-96DC2E58591A}.Release|Mixed Platforms.Build.0 = Release|x86
		{A353F455-5128-42FA-BFFE-96DC2E58591A}.Release|Win32.ActiveCfg = Release|x86
		{A353F455-5128-42FA-BFFE-96DC2E58591A}.Release|x64.ActiveCfg = Release|x86
		{A353F455-5128-42FA-BFFE-96DC2E58591A}.Release|x86.ActiveCfg = Release|x86
		{A353F455-5128-42FA-BFFE-96DC2E58591A}.Release|x86.Build.0 = Release|x86
		{3F28EC10-B35F-4CA0-9BEE-AA0F44C9C33C}.Debug|Any CPU.ActiveCfg = Debug|Win32
		{3F28EC10-B35F-4CA0-9BEE-AA0F44C9C33C}.Debug|Mixed Platforms.ActiveCfg = Debug|Win32
		{3F28EC10-B35F-4CA0-9BEE-AA0F44C9C33C}.Debug|Mixed Platforms.Build.0 = Debug|Win32
		{3F28EC10-B35F-4CA0-9BEE-AA0F44C9C33C}.Debug|Win32.ActiveCfg = Debug|Win32
		{3F28EC10-B35F-4CA0-9BEE-AA0F44C9C33C}.Debug|x64.ActiveCfg = Debug|Win32
		{3F28EC10-B35F-4CA0-9BEE-AA0F44C9C33C}.Debug|x86.ActiveCfg = Debug|Win32
		{3F28EC10-B35F-4CA0-9BEE-AA0F44C9C33C}.Release|Any CPU.ActiveCfg = Release|Win32
		{3F28EC10-B35F-4CA0-9BEE-AA0F44C9C33C}.Release|Mixed Platforms.ActiveCfg = Release|Win32
		{3F28EC10-B35F-4CA0-9BEE-AA0F44C9C33C}.Release|Mixed Platforms.Build.0 = Release|Win32
		{3F28EC10-B35F-4CA0-9BEE-AA0F44C9C33C}.Release|Win32.ActiveCfg = Release|Win32
		{3F28EC10-B35F-4CA0-9BEE-AA0F44C9C33C}.Release|Win32.Build.0 = Release|Win32
		{3F28EC10-B35F-4CA0-9BEE-AA0F44C9C33C}.Release|x64.ActiveCfg = Release|Win32
		{3F28EC10-B35F-4CA0-9BEE-AA0F44C9C33C}.Release|x86.ActiveCfg = Release|Win32
		{F8C28C52-C17D-44F0-BE88-691C463482B8}.Debug|Any CPU.ActiveCfg = Debug|x64
		{F8C28C52-C17D-44F0-BE88-691C463482B8}.Debug|Mixed Platforms.ActiveCfg = Debug|x64
		{F8C28C52-C17D-44F0-BE88-691C463482B8}.Debug|Mixed Platforms.Build.0 = Debug|x64
		{F8C28C52-C17D-44F0-BE88-691C463482B8}.Debug|Win32.ActiveCfg = Debug|Win32
		{F8C28C52-C17D-44F0-BE88-691C463482B8}.Debug|Win32.Build.0 = Debug|Win32
		{F8C28C52-C17D-44F0-BE88-691C463482B8}.Debug|x64.ActiveCfg = Release|x64
		{F8C28C52-C17D-44F0-BE88-691C463482B8}.Debug|x64.Build.0 = Release|x64
		{F8C28C52-C17D-44F0-BE88-691C463482B8}.Debug|x86.ActiveCfg = Release|Win32
		{F8C28C52-C17D-44F0-BE88-691C463482B8}.Release|Any CPU.ActiveCfg = Release|x64
		{F8C28C52-C17D-44F0-BE88-691C463482B8}.Release|Mixed Platforms.ActiveCfg = Release|x64
		{F8C28C52-C17D-44F0-BE88-691C463482B8}.Release|Mixed Platforms.Build.0 = Release|x64
		{F8C28C52-C17D-44F0-BE88-691C463482B8}.Release|Win32.ActiveCfg = Release|Win32
		{F8C28C52-C17D-44F0-BE88-691C463482B8}.Release|Win32.Build.0 = Release|Win32
		{F8C28C52-C17D-44F0-BE88-691C463482B8}.Release|x64.ActiveCfg = Release|x64
		{F8C28C52-C17D-44F0-BE88-691C463482B8}.Release|x64.Build.0 = Release|x64
		{F8C28C52-C17D-44F0-BE88-691C463482B8}.Release|x86.ActiveCfg = Release|Win32
		{BA14CB04-351F-4139-A5B8-058718BA42AA}.Debug|Any CPU.ActiveCfg = Debug|Any CPU
		{BA14CB04-351F-4139-A5B8-058718BA42AA}.Debug|Mixed Platforms.ActiveCfg = Debug|x86
		{BA14CB04-351F-4139-A5B8-058718BA42AA}.Debug|Mixed Platforms.Build.0 = Debug|x86
		{BA14CB04-351F-4139-A5B8-058718BA42AA}.Debug|Win32.ActiveCfg = Debug|x86
		{BA14CB04-351F-4139-A5B8-058718BA42AA}.Debug|x64.ActiveCfg = Debug|x64
		{BA14CB04-351F-4139-A5B8-058718BA42AA}.Debug|x64.Build.0 = Debug|x64
		{BA14CB04-351F-4139-A5B8-058718BA42AA}.Debug|x86.ActiveCfg = Debug|x86
		{BA14CB04-351F-4139-A5B8-058718BA42AA}.Debug|x86.Build.0 = Debug|x86
		{BA14CB04-351F-4139-A5B8-058718BA42AA}.Release|Any CPU.ActiveCfg = Release|x86
		{BA14CB04-351F-4139-A5B8-058718BA42AA}.Release|Mixed Platforms.ActiveCfg = Release|x86
		{BA14CB04-351F-4139-A5B8-058718BA42AA}.Release|Mixed Platforms.Build.0 = Release|x86
		{BA14CB04-351F-4139-A5B8-058718BA42AA}.Release|Win32.ActiveCfg = Release|x86
		{BA14CB04-351F-4139-A5B8-058718BA42AA}.Release|x64.ActiveCfg = Release|x86
		{BA14CB04-351F-4139-A5B8-058718BA42AA}.Release|x86.ActiveCfg = Release|x86
		{BA14CB04-351F-4139-A5B8-058718BA42AA}.Release|x86.Build.0 = Release|x86
		{D02D5D3A-7CB4-4772-8FB7-9D441A88DD03}.Debug|Any CPU.ActiveCfg = Debug|Any CPU
		{D02D5D3A-7CB4-4772-8FB7-9D441A88DD03}.Debug|Any CPU.Build.0 = Debug|Any CPU
		{D02D5D3A-7CB4-4772-8FB7-9D441A88DD03}.Debug|Mixed Platforms.ActiveCfg = Debug|Any CPU
		{D02D5D3A-7CB4-4772-8FB7-9D441A88DD03}.Debug|Mixed Platforms.Build.0 = Debug|Any CPU
		{D02D5D3A-7CB4-4772-8FB7-9D441A88DD03}.Debug|Win32.ActiveCfg = Debug|Any CPU
		{D02D5D3A-7CB4-4772-8FB7-9D441A88DD03}.Debug|x64.ActiveCfg = Debug|Any CPU
		{D02D5D3A-7CB4-4772-8FB7-9D441A88DD03}.Debug|x64.Build.0 = Debug|Any CPU
		{D02D5D3A-7CB4-4772-8FB7-9D441A88DD03}.Debug|x86.ActiveCfg = Debug|Any CPU
		{D02D5D3A-7CB4-4772-8FB7-9D441A88DD03}.Debug|x86.Build.0 = Debug|Any CPU
		{D02D5D3A-7CB4-4772-8FB7-9D441A88DD03}.Release|Any CPU.ActiveCfg = Release|Any CPU
		{D02D5D3A-7CB4-4772-8FB7-9D441A88DD03}.Release|Any CPU.Build.0 = Release|Any CPU
		{D02D5D3A-7CB4-4772-8FB7-9D441A88DD03}.Release|Mixed Platforms.ActiveCfg = Release|Any CPU
		{D02D5D3A-7CB4-4772-8FB7-9D441A88DD03}.Release|Mixed Platforms.Build.0 = Release|Any CPU
		{D02D5D3A-7CB4-4772-8FB7-9D441A88DD03}.Release|Win32.ActiveCfg = Release|Any CPU
		{D02D5D3A-7CB4-4772-8FB7-9D441A88DD03}.Release|x64.ActiveCfg = Release|Any CPU
		{D02D5D3A-7CB4-4772-8FB7-9D441A88DD03}.Release|x86.ActiveCfg = Release|Any CPU
		{A4EAD851-59CD-4549-9D09-C3BA32A50E49}.Debug|Any CPU.ActiveCfg = Debug|Any CPU
		{A4EAD851-59CD-4549-9D09-C3BA32A50E49}.Debug|Any CPU.Build.0 = Debug|Any CPU
		{A4EAD851-59CD-4549-9D09-C3BA32A50E49}.Debug|Mixed Platforms.ActiveCfg = Debug|Any CPU
		{A4EAD851-59CD-4549-9D09-C3BA32A50E49}.Debug|Mixed Platforms.Build.0 = Debug|Any CPU
		{A4EAD851-59CD-4549-9D09-C3BA32A50E49}.Debug|Win32.ActiveCfg = Debug|Any CPU
		{A4EAD851-59CD-4549-9D09-C3BA32A50E49}.Debug|x64.ActiveCfg = Debug|Any CPU
		{A4EAD851-59CD-4549-9D09-C3BA32A50E49}.Debug|x64.Build.0 = Debug|Any CPU
		{A4EAD851-59CD-4549-9D09-C3BA32A50E49}.Debug|x86.ActiveCfg = Debug|Any CPU
		{A4EAD851-59CD-4549-9D09-C3BA32A50E49}.Release|Any CPU.ActiveCfg = Release|Any CPU
		{A4EAD851-59CD-4549-9D09-C3BA32A50E49}.Release|Any CPU.Build.0 = Release|Any CPU
		{A4EAD851-59CD-4549-9D09-C3BA32A50E49}.Release|Mixed Platforms.ActiveCfg = Release|Any CPU
		{A4EAD851-59CD-4549-9D09-C3BA32A50E49}.Release|Mixed Platforms.Build.0 = Release|Any CPU
		{A4EAD851-59CD-4549-9D09-C3BA32A50E49}.Release|Win32.ActiveCfg = Release|Any CPU
		{A4EAD851-59CD-4549-9D09-C3BA32A50E49}.Release|x64.ActiveCfg = Release|Any CPU
		{A4EAD851-59CD-4549-9D09-C3BA32A50E49}.Release|x86.ActiveCfg = Release|Any CPU
	EndGlobalSection
	GlobalSection(SolutionProperties) = preSolution
		HideSolutionNode = FALSE
	EndGlobalSection
	GlobalSection(NestedProjects) = preSolution
		{21441695-C170-456D-911C-F8316B4B8309} = {AC1178FE-69E3-442E-ACA5-6C552119A151}
		{3C73B151-DBE6-40D9-9458-88C87BCF5922} = {AC1178FE-69E3-442E-ACA5-6C552119A151}
		{ABA857FF-840B-4839-BE6D-61EA8B292B62} = {AC1178FE-69E3-442E-ACA5-6C552119A151}
		{F8C28C52-C17D-44F0-BE88-691C463482B8} = {AC1178FE-69E3-442E-ACA5-6C552119A151}
	EndGlobalSection
	GlobalSection(MonoDevelopProperties) = preSolution
		StartupItem = Peach\Peach.csproj
	EndGlobalSection
EndGlobal
