
Microsoft Visual Studio Solution File, Format Version 11.00
# Visual Studio 2010
Project("{FAE04EC0-301F-11D3-BF4B-00C04F79EFBC}") = "Peach.Core", "Peach.Core\Peach.Core.csproj", "{63C7C70D-0CBF-40EC-A11E-079B2E943D47}"
EndProject
Project("{FAE04EC0-301F-11D3-BF4B-00C04F79EFBC}") = "Peach", "Peach\Peach.csproj", "{52B8AB06-9191-4C0E-B308-9B3990B48E05}"
EndProject
Project("{FAE04EC0-301F-11D3-BF4B-00C04F79EFBC}") = "PeachFuzzBang", "PeachFuzzBang\PeachFuzzBang.csproj", "{F2FC3605-A247-4FFF-95E3-06F7CA333DC2}"
EndProject
Project("{FAE04EC0-301F-11D3-BF4B-00C04F79EFBC}") = "PeachNetworkFuzzer", "PeachNetworkFuzzer\PeachNetworkFuzzer.csproj", "{6886D03D-9BEC-4F11-8C7B-2802EC714237}"
EndProject
Project("{FAE04EC0-301F-11D3-BF4B-00C04F79EFBC}") = "PeachXmlGenerator", "PeachXmlGenerator\PeachXmlGenerator.csproj", "{14703DAB-4458-418D-B95E-5E2F2228F8C0}"
EndProject
Project("{FAE04EC0-301F-11D3-BF4B-00C04F79EFBC}") = "Peach.Core.Test", "Peach.Core.Test\Peach.Core.Test.csproj", "{D8A98103-E91F-4C24-AEA8-BF8C771A09D3}"
EndProject
Project("{FAE04EC0-301F-11D3-BF4B-00C04F79EFBC}") = "PeachSpider", "PeachSpider\PeachSpider.csproj", "{9BD96F85-A10C-4CCA-9077-7AF66FF85C36}"
EndProject
Project("{2150E333-8FDC-42A3-9474-1A3956D46DE8}") = "Solution Items", "Solution Items", "{517FD253-BB2D-447C-BEAF-8EF4291D6615}"
	ProjectSection(SolutionItems) = preProject
		ChangeList.txt = ChangeList.txt
		LICENSE.txt = LICENSE.txt
		MonoCompatability.txt = MonoCompatability.txt
		README.txt = README.txt
		wscript = wscript
	EndProjectSection
EndProject
Project("{2150E333-8FDC-42A3-9474-1A3956D46DE8}") = "Test Programs", "Test Programs", "{AC1178FE-69E3-442E-ACA5-6C552119A151}"
EndProject
Project("{FAE04EC0-301F-11D3-BF4B-00C04F79EFBC}") = "Peach.Core.ComContainer", "Peach.Core.ComContainer\Peach.Core.ComContainer.csproj", "{E788AECB-6EFC-4A96-8C83-55BDDE9A0F6C}"
EndProject
Project("{FAE04EC0-301F-11D3-BF4B-00C04F79EFBC}") = "Peach.Core.WindowsDebugInstance", "Peach.Core.WindowsDebugInstance\Peach.Core.WindowsDebugInstance.csproj", "{41BDC4AF-7F8E-44A1-BAA4-7B36BEE50BEF}"
EndProject
Project("{FAE04EC0-301F-11D3-BF4B-00C04F79EFBC}") = "PeachMinset", "PeachMinset\PeachMinset.csproj", "{A353F455-5128-42FA-BFFE-96DC2E58591A}"
EndProject
Project("{FAE04EC0-301F-11D3-BF4B-00C04F79EFBC}") = "Peach.Core.OS.Windows", "Peach.Core.OS.Windows\Peach.Core.OS.Windows.csproj", "{7197143E-57FC-49E8-A5F4-0D0FD27D746C}"
EndProject
Project("{FAE04EC0-301F-11D3-BF4B-00C04F79EFBC}") = "Peach.Core.OS.Linux", "Peach.Core.OS.Linux\Peach.Core.OS.Linux.csproj", "{CB6CF019-C1D0-4B99-86D7-E9AD0DCEF59F}"
EndProject
Project("{FAE04EC0-301F-11D3-BF4B-00C04F79EFBC}") = "Peach.Core.OS.OSX", "Peach.Core.OS.OSX\Peach.Core.OS.OSX.csproj", "{1F6BD7C2-289C-4628-B475-C44E43655142}"
EndProject
Project("{FAE04EC0-301F-11D3-BF4B-00C04F79EFBC}") = "PeachLinuxCrashHandler", "PeachLinuxCrashHandler\PeachLinuxCrashHandler.csproj", "{B265BF7E-A4F0-49EC-8E6F-828183875D70}"
EndProject
Project("{FAE04EC0-301F-11D3-BF4B-00C04F79EFBC}") = "Peach.Core.Test.OS.Linux", "Peach.Core.Test.OS.Linux\Peach.Core.Test.OS.Linux.csproj", "{CCA7D23A-CCEE-4F14-A305-D36B6F77BFFE}"
EndProject
Project("{FAE04EC0-301F-11D3-BF4B-00C04F79EFBC}") = "Peach.Core.Test.OS.OSX", "Peach.Core.Test.OS.OSX\Peach.Core.Test.OS.OSX.csproj", "{1D90F891-A24A-432E-810F-2D83F7B7EE2E}"
EndProject
Project("{FAE04EC0-301F-11D3-BF4B-00C04F79EFBC}") = "Peach.Core.Test.OS.Windows", "Peach.Core.Test.OS.Windows\Peach.Core.Test.OS.Windows.csproj", "{50F5BD97-6534-458D-A9C5-A00904B95DBD}"
EndProject
Project("{8BC9CEB8-8B4A-11D0-8D11-00A0C91BC942}") = "ComTest", "ComTest\ComTest.vcxproj", "{21441695-C170-456D-911C-F8316B4B8309}"
EndProject
Project("{8BC9CEB8-8B4A-11D0-8D11-00A0C91BC942}") = "CrashingProgram", "CrashingProgram\CrashingProgram.vcxproj", "{3C73B151-DBE6-40D9-9458-88C87BCF5922}"
EndProject
Project("{8BC9CEB8-8B4A-11D0-8D11-00A0C91BC942}") = "CrashingFileConsumer", "CrashingFileConsumer\CrashingFileConsumer.vcxproj", "{ABA857FF-840B-4839-BE6D-61EA8B292B62}"
EndProject
Project("{8BC9CEB8-8B4A-11D0-8D11-00A0C91BC942}") = "CrashableServer", "CrashableServer\CrashableServer.vcxproj", "{F8C28C52-C17D-44F0-BE88-691C463482B8}"
EndProject
Project("{8BC9CEB8-8B4A-11D0-8D11-00A0C91BC942}") = "Peach.Core.Analysis.Pin.BasicBlocks", "Peach.Core.Analysis.Pin.BasicBlocks\Peach.Core.Analysis.Pin.BasicBlocks.vcxproj", "{DB3442E5-BAD7-41DC-B9CA-3DC859933848}"
EndProject
Project("{8BC9CEB8-8B4A-11D0-8D11-00A0C91BC942}") = "Peach.Core.Analysis.Pin.CoverageEdge", "Peach.Core.Analysis.Pin.CoverageEdge\Peach.Core.Analysis.Pin.CoverageEdge.vcxproj", "{3F28EC10-B35F-4CA0-9BEE-AA0F44C9C33C}"
EndProject
Project("{FAE04EC0-301F-11D3-BF4B-00C04F79EFBC}") = "PeachValidator", "PeachValidator\PeachValidator.csproj", "{06F6FC86-505E-407E-8740-1CB9265A4AC8}"
EndProject
Project("{2150E333-8FDC-42A3-9474-1A3956D46DE8}") = "3rdParty", "3rdParty", "{76158CE1-CEDF-4741-B621-074AC140E61D}"
EndProject
Project("{FAE04EC0-301F-11D3-BF4B-00C04F79EFBC}") = "Aga.Controls", "3rdParty\TreeViewAdv\Aga.Controls\Aga.Controls.csproj", "{E73BB233-D88B-44A7-A98F-D71EE158381D}"
EndProject
Project("{FAE04EC0-301F-11D3-BF4B-00C04F79EFBC}") = "Be.Windows.Forms.HexBox", "3rdParty\Be.HexEditor.150\sources\Be.Windows.Forms.HexBox\Be.Windows.Forms.HexBox.csproj", "{26C5F25F-B450-4CAF-AD8B-B8D11AE73457}"
EndProject
Project("{FAE04EC0-301F-11D3-BF4B-00C04F79EFBC}") = "ZeroMQ", "3rdParty\clrzmq\src\ZeroMQ\ZeroMQ.csproj", "{6FFD872F-A4A4-4EFA-9B4D-4342BA6CF250}"
EndProject
Global
	GlobalSection(TestCaseManagementSettings) = postSolution
		CategoryFile = Peach.net3.vsmdi
	EndGlobalSection
	GlobalSection(SolutionConfigurationPlatforms) = preSolution
		Debug - Linux|x64 = Debug - Linux|x64
		Debug - Linux|x86 = Debug - Linux|x86
		Debug - OS X|x64 = Debug - OS X|x64
		Debug - OS X|x86 = Debug - OS X|x86
		Debug - Windows|x64 = Debug - Windows|x64
		Debug - Windows|x86 = Debug - Windows|x86
		Release - Linux|x64 = Release - Linux|x64
		Release - Linux|x86 = Release - Linux|x86
		Release - OS X|x64 = Release - OS X|x64
		Release - OS X|x86 = Release - OS X|x86
		Release - Windows|x64 = Release - Windows|x64
		Release - Windows|x86 = Release - Windows|x86
	EndGlobalSection
	GlobalSection(ProjectConfigurationPlatforms) = postSolution
		{63C7C70D-0CBF-40EC-A11E-079B2E943D47}.Debug - Linux|x64.ActiveCfg = Debug - Linux|Any CPU
		{63C7C70D-0CBF-40EC-A11E-079B2E943D47}.Debug - Linux|x64.Build.0 = Debug - Linux|Any CPU
		{63C7C70D-0CBF-40EC-A11E-079B2E943D47}.Debug - Linux|x86.ActiveCfg = Debug - Linux|Any CPU
		{63C7C70D-0CBF-40EC-A11E-079B2E943D47}.Debug - Linux|x86.Build.0 = Debug - Linux|Any CPU
		{63C7C70D-0CBF-40EC-A11E-079B2E943D47}.Debug - OS X|x64.ActiveCfg = Debug - OS X|Any CPU
		{63C7C70D-0CBF-40EC-A11E-079B2E943D47}.Debug - OS X|x64.Build.0 = Debug - OS X|Any CPU
		{63C7C70D-0CBF-40EC-A11E-079B2E943D47}.Debug - OS X|x86.ActiveCfg = Debug - OS X|Any CPU
		{63C7C70D-0CBF-40EC-A11E-079B2E943D47}.Debug - OS X|x86.Build.0 = Debug - OS X|Any CPU
		{63C7C70D-0CBF-40EC-A11E-079B2E943D47}.Debug - Windows|x64.ActiveCfg = Debug - Windows|x64
		{63C7C70D-0CBF-40EC-A11E-079B2E943D47}.Debug - Windows|x64.Build.0 = Debug - Windows|x64
		{63C7C70D-0CBF-40EC-A11E-079B2E943D47}.Debug - Windows|x86.ActiveCfg = Debug - Windows|x86
		{63C7C70D-0CBF-40EC-A11E-079B2E943D47}.Debug - Windows|x86.Build.0 = Debug - Windows|x86
		{63C7C70D-0CBF-40EC-A11E-079B2E943D47}.Release - Linux|x64.ActiveCfg = Release - Linux|Any CPU
		{63C7C70D-0CBF-40EC-A11E-079B2E943D47}.Release - Linux|x64.Build.0 = Release - Linux|Any CPU
		{63C7C70D-0CBF-40EC-A11E-079B2E943D47}.Release - Linux|x86.ActiveCfg = Release - Linux|Any CPU
		{63C7C70D-0CBF-40EC-A11E-079B2E943D47}.Release - Linux|x86.Build.0 = Release - Linux|Any CPU
		{63C7C70D-0CBF-40EC-A11E-079B2E943D47}.Release - OS X|x64.ActiveCfg = Release - OS X|Any CPU
		{63C7C70D-0CBF-40EC-A11E-079B2E943D47}.Release - OS X|x64.Build.0 = Release - OS X|Any CPU
		{63C7C70D-0CBF-40EC-A11E-079B2E943D47}.Release - OS X|x86.ActiveCfg = Release - OS X|Any CPU
		{63C7C70D-0CBF-40EC-A11E-079B2E943D47}.Release - OS X|x86.Build.0 = Release - OS X|Any CPU
		{63C7C70D-0CBF-40EC-A11E-079B2E943D47}.Release - Windows|x64.ActiveCfg = Release - Windows|x64
		{63C7C70D-0CBF-40EC-A11E-079B2E943D47}.Release - Windows|x64.Build.0 = Release - Windows|x64
		{63C7C70D-0CBF-40EC-A11E-079B2E943D47}.Release - Windows|x86.ActiveCfg = Release - Windows|x86
		{63C7C70D-0CBF-40EC-A11E-079B2E943D47}.Release - Windows|x86.Build.0 = Release - Windows|x86
		{52B8AB06-9191-4C0E-B308-9B3990B48E05}.Debug - Linux|x64.ActiveCfg = Debug - Linux|Any CPU
		{52B8AB06-9191-4C0E-B308-9B3990B48E05}.Debug - Linux|x64.Build.0 = Debug - Linux|Any CPU
		{52B8AB06-9191-4C0E-B308-9B3990B48E05}.Debug - Linux|x86.ActiveCfg = Debug - Linux|Any CPU
		{52B8AB06-9191-4C0E-B308-9B3990B48E05}.Debug - Linux|x86.Build.0 = Debug - Linux|Any CPU
		{52B8AB06-9191-4C0E-B308-9B3990B48E05}.Debug - OS X|x64.ActiveCfg = Debug - OS X|Any CPU
		{52B8AB06-9191-4C0E-B308-9B3990B48E05}.Debug - OS X|x64.Build.0 = Debug - OS X|Any CPU
		{52B8AB06-9191-4C0E-B308-9B3990B48E05}.Debug - OS X|x86.ActiveCfg = Debug - OS X|Any CPU
		{52B8AB06-9191-4C0E-B308-9B3990B48E05}.Debug - OS X|x86.Build.0 = Debug - OS X|Any CPU
		{52B8AB06-9191-4C0E-B308-9B3990B48E05}.Debug - Windows|x64.ActiveCfg = Debug - Windows|x64
		{52B8AB06-9191-4C0E-B308-9B3990B48E05}.Debug - Windows|x64.Build.0 = Debug - Windows|x64
		{52B8AB06-9191-4C0E-B308-9B3990B48E05}.Debug - Windows|x86.ActiveCfg = Debug - Windows|x86
		{52B8AB06-9191-4C0E-B308-9B3990B48E05}.Debug - Windows|x86.Build.0 = Debug - Windows|x86
		{52B8AB06-9191-4C0E-B308-9B3990B48E05}.Release - Linux|x64.ActiveCfg = Release - Linux|Any CPU
		{52B8AB06-9191-4C0E-B308-9B3990B48E05}.Release - Linux|x64.Build.0 = Release - Linux|Any CPU
		{52B8AB06-9191-4C0E-B308-9B3990B48E05}.Release - Linux|x86.ActiveCfg = Release - Linux|Any CPU
		{52B8AB06-9191-4C0E-B308-9B3990B48E05}.Release - Linux|x86.Build.0 = Release - Linux|Any CPU
		{52B8AB06-9191-4C0E-B308-9B3990B48E05}.Release - OS X|x64.ActiveCfg = Release - OS X|Any CPU
		{52B8AB06-9191-4C0E-B308-9B3990B48E05}.Release - OS X|x64.Build.0 = Release - OS X|Any CPU
		{52B8AB06-9191-4C0E-B308-9B3990B48E05}.Release - OS X|x86.ActiveCfg = Release - OS X|Any CPU
		{52B8AB06-9191-4C0E-B308-9B3990B48E05}.Release - OS X|x86.Build.0 = Release - OS X|Any CPU
		{52B8AB06-9191-4C0E-B308-9B3990B48E05}.Release - Windows|x64.ActiveCfg = Release - Windows|x64
		{52B8AB06-9191-4C0E-B308-9B3990B48E05}.Release - Windows|x64.Build.0 = Release - Windows|x64
		{52B8AB06-9191-4C0E-B308-9B3990B48E05}.Release - Windows|x86.ActiveCfg = Release - Windows|x86
		{52B8AB06-9191-4C0E-B308-9B3990B48E05}.Release - Windows|x86.Build.0 = Release - Windows|x86
		{F2FC3605-A247-4FFF-95E3-06F7CA333DC2}.Debug - Linux|x64.ActiveCfg = Debug - Linux|Any CPU
		{F2FC3605-A247-4FFF-95E3-06F7CA333DC2}.Debug - Linux|x64.Build.0 = Debug - Linux|Any CPU
		{F2FC3605-A247-4FFF-95E3-06F7CA333DC2}.Debug - Linux|x86.ActiveCfg = Debug - Linux|Any CPU
		{F2FC3605-A247-4FFF-95E3-06F7CA333DC2}.Debug - Linux|x86.Build.0 = Debug - Linux|Any CPU
		{F2FC3605-A247-4FFF-95E3-06F7CA333DC2}.Debug - OS X|x64.ActiveCfg = Debug - OS X|Any CPU
		{F2FC3605-A247-4FFF-95E3-06F7CA333DC2}.Debug - OS X|x64.Build.0 = Debug - OS X|Any CPU
		{F2FC3605-A247-4FFF-95E3-06F7CA333DC2}.Debug - OS X|x86.ActiveCfg = Debug - OS X|Any CPU
		{F2FC3605-A247-4FFF-95E3-06F7CA333DC2}.Debug - OS X|x86.Build.0 = Debug - OS X|Any CPU
		{F2FC3605-A247-4FFF-95E3-06F7CA333DC2}.Debug - Windows|x64.ActiveCfg = Debug - Windows|x64
		{F2FC3605-A247-4FFF-95E3-06F7CA333DC2}.Debug - Windows|x64.Build.0 = Debug - Windows|x64
		{F2FC3605-A247-4FFF-95E3-06F7CA333DC2}.Debug - Windows|x86.ActiveCfg = Debug - Windows|x86
		{F2FC3605-A247-4FFF-95E3-06F7CA333DC2}.Debug - Windows|x86.Build.0 = Debug - Windows|x86
		{F2FC3605-A247-4FFF-95E3-06F7CA333DC2}.Release - Linux|x64.ActiveCfg = Release - Linux|Any CPU
		{F2FC3605-A247-4FFF-95E3-06F7CA333DC2}.Release - Linux|x64.Build.0 = Release - Linux|Any CPU
		{F2FC3605-A247-4FFF-95E3-06F7CA333DC2}.Release - Linux|x86.ActiveCfg = Release - Linux|Any CPU
		{F2FC3605-A247-4FFF-95E3-06F7CA333DC2}.Release - Linux|x86.Build.0 = Release - Linux|Any CPU
		{F2FC3605-A247-4FFF-95E3-06F7CA333DC2}.Release - OS X|x64.ActiveCfg = Release - OS X|Any CPU
		{F2FC3605-A247-4FFF-95E3-06F7CA333DC2}.Release - OS X|x64.Build.0 = Release - OS X|Any CPU
		{F2FC3605-A247-4FFF-95E3-06F7CA333DC2}.Release - OS X|x86.ActiveCfg = Release - OS X|Any CPU
		{F2FC3605-A247-4FFF-95E3-06F7CA333DC2}.Release - OS X|x86.Build.0 = Release - OS X|Any CPU
		{F2FC3605-A247-4FFF-95E3-06F7CA333DC2}.Release - Windows|x64.ActiveCfg = Release - Windows|x64
		{F2FC3605-A247-4FFF-95E3-06F7CA333DC2}.Release - Windows|x64.Build.0 = Release - Windows|x64
		{F2FC3605-A247-4FFF-95E3-06F7CA333DC2}.Release - Windows|x86.ActiveCfg = Release - Windows|x86
		{F2FC3605-A247-4FFF-95E3-06F7CA333DC2}.Release - Windows|x86.Build.0 = Release - Windows|x86
		{6886D03D-9BEC-4F11-8C7B-2802EC714237}.Debug - Linux|x64.ActiveCfg = Debug - Linux|Any CPU
		{6886D03D-9BEC-4F11-8C7B-2802EC714237}.Debug - Linux|x64.Build.0 = Debug - Linux|Any CPU
		{6886D03D-9BEC-4F11-8C7B-2802EC714237}.Debug - Linux|x86.ActiveCfg = Debug - Linux|Any CPU
		{6886D03D-9BEC-4F11-8C7B-2802EC714237}.Debug - Linux|x86.Build.0 = Debug - Linux|Any CPU
		{6886D03D-9BEC-4F11-8C7B-2802EC714237}.Debug - OS X|x64.ActiveCfg = Debug - OS X|Any CPU
		{6886D03D-9BEC-4F11-8C7B-2802EC714237}.Debug - OS X|x64.Build.0 = Debug - OS X|Any CPU
		{6886D03D-9BEC-4F11-8C7B-2802EC714237}.Debug - OS X|x86.ActiveCfg = Debug - OS X|Any CPU
		{6886D03D-9BEC-4F11-8C7B-2802EC714237}.Debug - OS X|x86.Build.0 = Debug - OS X|Any CPU
		{6886D03D-9BEC-4F11-8C7B-2802EC714237}.Debug - Windows|x64.ActiveCfg = Debug - Windows|x64
		{6886D03D-9BEC-4F11-8C7B-2802EC714237}.Debug - Windows|x64.Build.0 = Debug - Windows|x64
		{6886D03D-9BEC-4F11-8C7B-2802EC714237}.Debug - Windows|x86.ActiveCfg = Debug - Windows|x86
		{6886D03D-9BEC-4F11-8C7B-2802EC714237}.Debug - Windows|x86.Build.0 = Debug - Windows|x86
		{6886D03D-9BEC-4F11-8C7B-2802EC714237}.Release - Linux|x64.ActiveCfg = Release - Linux|Any CPU
		{6886D03D-9BEC-4F11-8C7B-2802EC714237}.Release - Linux|x64.Build.0 = Release - Linux|Any CPU
		{6886D03D-9BEC-4F11-8C7B-2802EC714237}.Release - Linux|x86.ActiveCfg = Release - Linux|Any CPU
		{6886D03D-9BEC-4F11-8C7B-2802EC714237}.Release - Linux|x86.Build.0 = Release - Linux|Any CPU
		{6886D03D-9BEC-4F11-8C7B-2802EC714237}.Release - OS X|x64.ActiveCfg = Release - OS X|Any CPU
		{6886D03D-9BEC-4F11-8C7B-2802EC714237}.Release - OS X|x64.Build.0 = Release - OS X|Any CPU
		{6886D03D-9BEC-4F11-8C7B-2802EC714237}.Release - OS X|x86.ActiveCfg = Release - OS X|Any CPU
		{6886D03D-9BEC-4F11-8C7B-2802EC714237}.Release - OS X|x86.Build.0 = Release - OS X|Any CPU
		{6886D03D-9BEC-4F11-8C7B-2802EC714237}.Release - Windows|x64.ActiveCfg = Release - Windows|x64
		{6886D03D-9BEC-4F11-8C7B-2802EC714237}.Release - Windows|x64.Build.0 = Release - Windows|x64
		{6886D03D-9BEC-4F11-8C7B-2802EC714237}.Release - Windows|x86.ActiveCfg = Release - Windows|x86
		{6886D03D-9BEC-4F11-8C7B-2802EC714237}.Release - Windows|x86.Build.0 = Release - Windows|x86
		{14703DAB-4458-418D-B95E-5E2F2228F8C0}.Debug - Linux|x64.ActiveCfg = Debug - Linux|Any CPU
		{14703DAB-4458-418D-B95E-5E2F2228F8C0}.Debug - Linux|x64.Build.0 = Debug - Linux|Any CPU
		{14703DAB-4458-418D-B95E-5E2F2228F8C0}.Debug - Linux|x86.ActiveCfg = Debug - Linux|Any CPU
		{14703DAB-4458-418D-B95E-5E2F2228F8C0}.Debug - Linux|x86.Build.0 = Debug - Linux|Any CPU
		{14703DAB-4458-418D-B95E-5E2F2228F8C0}.Debug - OS X|x64.ActiveCfg = Debug - OS X|Any CPU
		{14703DAB-4458-418D-B95E-5E2F2228F8C0}.Debug - OS X|x64.Build.0 = Debug - OS X|Any CPU
		{14703DAB-4458-418D-B95E-5E2F2228F8C0}.Debug - OS X|x86.ActiveCfg = Debug - OS X|Any CPU
		{14703DAB-4458-418D-B95E-5E2F2228F8C0}.Debug - OS X|x86.Build.0 = Debug - OS X|Any CPU
		{14703DAB-4458-418D-B95E-5E2F2228F8C0}.Debug - Windows|x64.ActiveCfg = Debug - Windows|x64
		{14703DAB-4458-418D-B95E-5E2F2228F8C0}.Debug - Windows|x64.Build.0 = Debug - Windows|x64
		{14703DAB-4458-418D-B95E-5E2F2228F8C0}.Debug - Windows|x86.ActiveCfg = Debug - Windows|x86
		{14703DAB-4458-418D-B95E-5E2F2228F8C0}.Debug - Windows|x86.Build.0 = Debug - Windows|x86
		{14703DAB-4458-418D-B95E-5E2F2228F8C0}.Release - Linux|x64.ActiveCfg = Release - Linux|Any CPU
		{14703DAB-4458-418D-B95E-5E2F2228F8C0}.Release - Linux|x64.Build.0 = Release - Linux|Any CPU
		{14703DAB-4458-418D-B95E-5E2F2228F8C0}.Release - Linux|x86.ActiveCfg = Release - Linux|Any CPU
		{14703DAB-4458-418D-B95E-5E2F2228F8C0}.Release - Linux|x86.Build.0 = Release - Linux|Any CPU
		{14703DAB-4458-418D-B95E-5E2F2228F8C0}.Release - OS X|x64.ActiveCfg = Release - OS X|Any CPU
		{14703DAB-4458-418D-B95E-5E2F2228F8C0}.Release - OS X|x64.Build.0 = Release - OS X|Any CPU
		{14703DAB-4458-418D-B95E-5E2F2228F8C0}.Release - OS X|x86.ActiveCfg = Release - OS X|Any CPU
		{14703DAB-4458-418D-B95E-5E2F2228F8C0}.Release - OS X|x86.Build.0 = Release - OS X|Any CPU
		{14703DAB-4458-418D-B95E-5E2F2228F8C0}.Release - Windows|x64.ActiveCfg = Release - Windows|x64
		{14703DAB-4458-418D-B95E-5E2F2228F8C0}.Release - Windows|x64.Build.0 = Release - Windows|x64
		{14703DAB-4458-418D-B95E-5E2F2228F8C0}.Release - Windows|x86.ActiveCfg = Release - Windows|x86
		{14703DAB-4458-418D-B95E-5E2F2228F8C0}.Release - Windows|x86.Build.0 = Release - Windows|x86
		{D8A98103-E91F-4C24-AEA8-BF8C771A09D3}.Debug - Linux|x64.ActiveCfg = Debug - Linux|Any CPU
		{D8A98103-E91F-4C24-AEA8-BF8C771A09D3}.Debug - Linux|x64.Build.0 = Debug - Linux|Any CPU
		{D8A98103-E91F-4C24-AEA8-BF8C771A09D3}.Debug - Linux|x86.ActiveCfg = Debug - Linux|Any CPU
		{D8A98103-E91F-4C24-AEA8-BF8C771A09D3}.Debug - Linux|x86.Build.0 = Debug - Linux|Any CPU
		{D8A98103-E91F-4C24-AEA8-BF8C771A09D3}.Debug - OS X|x64.ActiveCfg = Debug - OS X|Any CPU
		{D8A98103-E91F-4C24-AEA8-BF8C771A09D3}.Debug - OS X|x64.Build.0 = Debug - OS X|Any CPU
		{D8A98103-E91F-4C24-AEA8-BF8C771A09D3}.Debug - OS X|x86.ActiveCfg = Debug - OS X|Any CPU
		{D8A98103-E91F-4C24-AEA8-BF8C771A09D3}.Debug - OS X|x86.Build.0 = Debug - OS X|Any CPU
		{D8A98103-E91F-4C24-AEA8-BF8C771A09D3}.Debug - Windows|x64.ActiveCfg = Debug - Windows|x64
		{D8A98103-E91F-4C24-AEA8-BF8C771A09D3}.Debug - Windows|x64.Build.0 = Debug - Windows|x64
		{D8A98103-E91F-4C24-AEA8-BF8C771A09D3}.Debug - Windows|x86.ActiveCfg = Debug - Windows|x86
		{D8A98103-E91F-4C24-AEA8-BF8C771A09D3}.Debug - Windows|x86.Build.0 = Debug - Windows|x86
		{D8A98103-E91F-4C24-AEA8-BF8C771A09D3}.Release - Linux|x64.ActiveCfg = Release - Linux|Any CPU
		{D8A98103-E91F-4C24-AEA8-BF8C771A09D3}.Release - Linux|x64.Build.0 = Release - Linux|Any CPU
		{D8A98103-E91F-4C24-AEA8-BF8C771A09D3}.Release - Linux|x86.ActiveCfg = Release - Linux|Any CPU
		{D8A98103-E91F-4C24-AEA8-BF8C771A09D3}.Release - Linux|x86.Build.0 = Release - Linux|Any CPU
		{D8A98103-E91F-4C24-AEA8-BF8C771A09D3}.Release - OS X|x64.ActiveCfg = Release - OS X|Any CPU
		{D8A98103-E91F-4C24-AEA8-BF8C771A09D3}.Release - OS X|x64.Build.0 = Release - OS X|Any CPU
		{D8A98103-E91F-4C24-AEA8-BF8C771A09D3}.Release - OS X|x86.ActiveCfg = Release - OS X|Any CPU
		{D8A98103-E91F-4C24-AEA8-BF8C771A09D3}.Release - OS X|x86.Build.0 = Release - OS X|Any CPU
		{D8A98103-E91F-4C24-AEA8-BF8C771A09D3}.Release - Windows|x64.ActiveCfg = Release - Windows|x64
		{D8A98103-E91F-4C24-AEA8-BF8C771A09D3}.Release - Windows|x64.Build.0 = Release - Windows|x64
		{D8A98103-E91F-4C24-AEA8-BF8C771A09D3}.Release - Windows|x86.ActiveCfg = Release - Windows|x86
		{D8A98103-E91F-4C24-AEA8-BF8C771A09D3}.Release - Windows|x86.Build.0 = Release - Windows|x86
		{9BD96F85-A10C-4CCA-9077-7AF66FF85C36}.Debug - Linux|x64.ActiveCfg = Debug|x64
		{9BD96F85-A10C-4CCA-9077-7AF66FF85C36}.Debug - Linux|x86.ActiveCfg = Debug|x86
		{9BD96F85-A10C-4CCA-9077-7AF66FF85C36}.Debug - OS X|x64.ActiveCfg = Debug|x64
		{9BD96F85-A10C-4CCA-9077-7AF66FF85C36}.Debug - OS X|x86.ActiveCfg = Debug|x86
		{9BD96F85-A10C-4CCA-9077-7AF66FF85C36}.Debug - Windows|x64.ActiveCfg = Debug|x64
		{9BD96F85-A10C-4CCA-9077-7AF66FF85C36}.Debug - Windows|x64.Build.0 = Debug|x64
		{9BD96F85-A10C-4CCA-9077-7AF66FF85C36}.Debug - Windows|x86.ActiveCfg = Debug|x86
		{9BD96F85-A10C-4CCA-9077-7AF66FF85C36}.Debug - Windows|x86.Build.0 = Debug|x86
		{9BD96F85-A10C-4CCA-9077-7AF66FF85C36}.Release - Linux|x64.ActiveCfg = Release|x64
		{9BD96F85-A10C-4CCA-9077-7AF66FF85C36}.Release - Linux|x86.ActiveCfg = Release|x86
		{9BD96F85-A10C-4CCA-9077-7AF66FF85C36}.Release - OS X|x64.ActiveCfg = Release|x64
		{9BD96F85-A10C-4CCA-9077-7AF66FF85C36}.Release - OS X|x86.ActiveCfg = Release|x86
		{9BD96F85-A10C-4CCA-9077-7AF66FF85C36}.Release - Windows|x64.ActiveCfg = Release|x64
		{9BD96F85-A10C-4CCA-9077-7AF66FF85C36}.Release - Windows|x64.Build.0 = Release|x64
		{9BD96F85-A10C-4CCA-9077-7AF66FF85C36}.Release - Windows|x86.ActiveCfg = Release|x86
		{9BD96F85-A10C-4CCA-9077-7AF66FF85C36}.Release - Windows|x86.Build.0 = Release|x86
		{E788AECB-6EFC-4A96-8C83-55BDDE9A0F6C}.Debug - Linux|x64.ActiveCfg = Debug|x64
		{E788AECB-6EFC-4A96-8C83-55BDDE9A0F6C}.Debug - Linux|x86.ActiveCfg = Debug|x86
		{E788AECB-6EFC-4A96-8C83-55BDDE9A0F6C}.Debug - OS X|x64.ActiveCfg = Debug|x64
		{E788AECB-6EFC-4A96-8C83-55BDDE9A0F6C}.Debug - OS X|x86.ActiveCfg = Debug|x86
		{E788AECB-6EFC-4A96-8C83-55BDDE9A0F6C}.Debug - Windows|x64.ActiveCfg = Debug|x64
		{E788AECB-6EFC-4A96-8C83-55BDDE9A0F6C}.Debug - Windows|x64.Build.0 = Debug|x64
		{E788AECB-6EFC-4A96-8C83-55BDDE9A0F6C}.Debug - Windows|x86.ActiveCfg = Debug|x86
		{E788AECB-6EFC-4A96-8C83-55BDDE9A0F6C}.Debug - Windows|x86.Build.0 = Debug|x86
		{E788AECB-6EFC-4A96-8C83-55BDDE9A0F6C}.Release - Linux|x64.ActiveCfg = Release|x64
		{E788AECB-6EFC-4A96-8C83-55BDDE9A0F6C}.Release - Linux|x86.ActiveCfg = Release|x86
		{E788AECB-6EFC-4A96-8C83-55BDDE9A0F6C}.Release - OS X|x64.ActiveCfg = Release|x64
		{E788AECB-6EFC-4A96-8C83-55BDDE9A0F6C}.Release - OS X|x86.ActiveCfg = Release|x86
		{E788AECB-6EFC-4A96-8C83-55BDDE9A0F6C}.Release - Windows|x64.ActiveCfg = Release|x64
		{E788AECB-6EFC-4A96-8C83-55BDDE9A0F6C}.Release - Windows|x64.Build.0 = Release|x64
		{E788AECB-6EFC-4A96-8C83-55BDDE9A0F6C}.Release - Windows|x86.ActiveCfg = Release|x86
		{E788AECB-6EFC-4A96-8C83-55BDDE9A0F6C}.Release - Windows|x86.Build.0 = Release|x86
		{41BDC4AF-7F8E-44A1-BAA4-7B36BEE50BEF}.Debug - Linux|x64.ActiveCfg = Debug|x64
		{41BDC4AF-7F8E-44A1-BAA4-7B36BEE50BEF}.Debug - Linux|x86.ActiveCfg = Debug|x86
		{41BDC4AF-7F8E-44A1-BAA4-7B36BEE50BEF}.Debug - OS X|x64.ActiveCfg = Debug|x64
		{41BDC4AF-7F8E-44A1-BAA4-7B36BEE50BEF}.Debug - OS X|x86.ActiveCfg = Debug|x86
		{41BDC4AF-7F8E-44A1-BAA4-7B36BEE50BEF}.Debug - Windows|x64.ActiveCfg = Debug|x64
		{41BDC4AF-7F8E-44A1-BAA4-7B36BEE50BEF}.Debug - Windows|x64.Build.0 = Debug|x64
		{41BDC4AF-7F8E-44A1-BAA4-7B36BEE50BEF}.Debug - Windows|x86.ActiveCfg = Debug|x86
		{41BDC4AF-7F8E-44A1-BAA4-7B36BEE50BEF}.Debug - Windows|x86.Build.0 = Debug|x86
		{41BDC4AF-7F8E-44A1-BAA4-7B36BEE50BEF}.Release - Linux|x64.ActiveCfg = Release|x64
		{41BDC4AF-7F8E-44A1-BAA4-7B36BEE50BEF}.Release - Linux|x86.ActiveCfg = Release|x86
		{41BDC4AF-7F8E-44A1-BAA4-7B36BEE50BEF}.Release - OS X|x64.ActiveCfg = Release|x64
		{41BDC4AF-7F8E-44A1-BAA4-7B36BEE50BEF}.Release - OS X|x86.ActiveCfg = Release|x86
		{41BDC4AF-7F8E-44A1-BAA4-7B36BEE50BEF}.Release - Windows|x64.ActiveCfg = Release|x64
		{41BDC4AF-7F8E-44A1-BAA4-7B36BEE50BEF}.Release - Windows|x64.Build.0 = Release|x64
		{41BDC4AF-7F8E-44A1-BAA4-7B36BEE50BEF}.Release - Windows|x86.ActiveCfg = Release|x86
		{41BDC4AF-7F8E-44A1-BAA4-7B36BEE50BEF}.Release - Windows|x86.Build.0 = Release|x86
		{A353F455-5128-42FA-BFFE-96DC2E58591A}.Debug - Linux|x64.ActiveCfg = Debug - Linux|Any CPU
		{A353F455-5128-42FA-BFFE-96DC2E58591A}.Debug - Linux|x64.Build.0 = Debug - Linux|Any CPU
		{A353F455-5128-42FA-BFFE-96DC2E58591A}.Debug - Linux|x86.ActiveCfg = Debug - Linux|Any CPU
		{A353F455-5128-42FA-BFFE-96DC2E58591A}.Debug - Linux|x86.Build.0 = Debug - Linux|Any CPU
		{A353F455-5128-42FA-BFFE-96DC2E58591A}.Debug - OS X|x64.ActiveCfg = Debug - OS X|Any CPU
		{A353F455-5128-42FA-BFFE-96DC2E58591A}.Debug - OS X|x64.Build.0 = Debug - OS X|Any CPU
		{A353F455-5128-42FA-BFFE-96DC2E58591A}.Debug - OS X|x86.ActiveCfg = Debug - OS X|Any CPU
		{A353F455-5128-42FA-BFFE-96DC2E58591A}.Debug - OS X|x86.Build.0 = Debug - OS X|Any CPU
		{A353F455-5128-42FA-BFFE-96DC2E58591A}.Debug - Windows|x64.ActiveCfg = Debug - Windows|x64
		{A353F455-5128-42FA-BFFE-96DC2E58591A}.Debug - Windows|x64.Build.0 = Debug - Windows|x64
		{A353F455-5128-42FA-BFFE-96DC2E58591A}.Debug - Windows|x86.ActiveCfg = Debug - Windows|x86
		{A353F455-5128-42FA-BFFE-96DC2E58591A}.Debug - Windows|x86.Build.0 = Debug - Windows|x86
		{A353F455-5128-42FA-BFFE-96DC2E58591A}.Release - Linux|x64.ActiveCfg = Release - Linux|Any CPU
		{A353F455-5128-42FA-BFFE-96DC2E58591A}.Release - Linux|x64.Build.0 = Release - Linux|Any CPU
		{A353F455-5128-42FA-BFFE-96DC2E58591A}.Release - Linux|x86.ActiveCfg = Release - Linux|Any CPU
		{A353F455-5128-42FA-BFFE-96DC2E58591A}.Release - Linux|x86.Build.0 = Release - Linux|Any CPU
		{A353F455-5128-42FA-BFFE-96DC2E58591A}.Release - OS X|x64.ActiveCfg = Release - OS X|Any CPU
		{A353F455-5128-42FA-BFFE-96DC2E58591A}.Release - OS X|x64.Build.0 = Release - OS X|Any CPU
		{A353F455-5128-42FA-BFFE-96DC2E58591A}.Release - OS X|x86.ActiveCfg = Release - OS X|Any CPU
		{A353F455-5128-42FA-BFFE-96DC2E58591A}.Release - OS X|x86.Build.0 = Release - OS X|Any CPU
		{A353F455-5128-42FA-BFFE-96DC2E58591A}.Release - Windows|x64.ActiveCfg = Release - Windows|x64
		{A353F455-5128-42FA-BFFE-96DC2E58591A}.Release - Windows|x64.Build.0 = Release - Windows|x64
		{A353F455-5128-42FA-BFFE-96DC2E58591A}.Release - Windows|x86.ActiveCfg = Release - Windows|x86
		{A353F455-5128-42FA-BFFE-96DC2E58591A}.Release - Windows|x86.Build.0 = Release - Windows|x86
		{7197143E-57FC-49E8-A5F4-0D0FD27D746C}.Debug - Linux|x64.ActiveCfg = Debug|x64
		{7197143E-57FC-49E8-A5F4-0D0FD27D746C}.Debug - Linux|x86.ActiveCfg = Debug|x86
		{7197143E-57FC-49E8-A5F4-0D0FD27D746C}.Debug - OS X|x64.ActiveCfg = Debug|x64
		{7197143E-57FC-49E8-A5F4-0D0FD27D746C}.Debug - OS X|x86.ActiveCfg = Debug|x86
		{7197143E-57FC-49E8-A5F4-0D0FD27D746C}.Debug - Windows|x64.ActiveCfg = Debug|x64
		{7197143E-57FC-49E8-A5F4-0D0FD27D746C}.Debug - Windows|x64.Build.0 = Debug|x64
		{7197143E-57FC-49E8-A5F4-0D0FD27D746C}.Debug - Windows|x86.ActiveCfg = Debug|x86
		{7197143E-57FC-49E8-A5F4-0D0FD27D746C}.Debug - Windows|x86.Build.0 = Debug|x86
		{7197143E-57FC-49E8-A5F4-0D0FD27D746C}.Release - Linux|x64.ActiveCfg = Release|x64
		{7197143E-57FC-49E8-A5F4-0D0FD27D746C}.Release - Linux|x86.ActiveCfg = Release|x86
		{7197143E-57FC-49E8-A5F4-0D0FD27D746C}.Release - OS X|x64.ActiveCfg = Release|x64
		{7197143E-57FC-49E8-A5F4-0D0FD27D746C}.Release - OS X|x86.ActiveCfg = Release|x86
		{7197143E-57FC-49E8-A5F4-0D0FD27D746C}.Release - Windows|x64.ActiveCfg = Release|x64
		{7197143E-57FC-49E8-A5F4-0D0FD27D746C}.Release - Windows|x64.Build.0 = Release|x64
		{7197143E-57FC-49E8-A5F4-0D0FD27D746C}.Release - Windows|x86.ActiveCfg = Release|x86
		{7197143E-57FC-49E8-A5F4-0D0FD27D746C}.Release - Windows|x86.Build.0 = Release|x86
		{CB6CF019-C1D0-4B99-86D7-E9AD0DCEF59F}.Debug - Linux|x64.ActiveCfg = Debug|Any CPU
		{CB6CF019-C1D0-4B99-86D7-E9AD0DCEF59F}.Debug - Linux|x64.Build.0 = Debug|Any CPU
		{CB6CF019-C1D0-4B99-86D7-E9AD0DCEF59F}.Debug - Linux|x86.ActiveCfg = Debug|Any CPU
		{CB6CF019-C1D0-4B99-86D7-E9AD0DCEF59F}.Debug - Linux|x86.Build.0 = Debug|Any CPU
		{CB6CF019-C1D0-4B99-86D7-E9AD0DCEF59F}.Debug - OS X|x64.ActiveCfg = Debug|Any CPU
		{CB6CF019-C1D0-4B99-86D7-E9AD0DCEF59F}.Debug - OS X|x86.ActiveCfg = Debug|Any CPU
		{CB6CF019-C1D0-4B99-86D7-E9AD0DCEF59F}.Debug - Windows|x64.ActiveCfg = Debug|Any CPU
		{CB6CF019-C1D0-4B99-86D7-E9AD0DCEF59F}.Debug - Windows|x86.ActiveCfg = Debug|Any CPU
		{CB6CF019-C1D0-4B99-86D7-E9AD0DCEF59F}.Release - Linux|x64.ActiveCfg = Release|Any CPU
		{CB6CF019-C1D0-4B99-86D7-E9AD0DCEF59F}.Release - Linux|x64.Build.0 = Release|Any CPU
		{CB6CF019-C1D0-4B99-86D7-E9AD0DCEF59F}.Release - Linux|x86.ActiveCfg = Release|Any CPU
		{CB6CF019-C1D0-4B99-86D7-E9AD0DCEF59F}.Release - Linux|x86.Build.0 = Release|Any CPU
		{CB6CF019-C1D0-4B99-86D7-E9AD0DCEF59F}.Release - OS X|x64.ActiveCfg = Release|Any CPU
		{CB6CF019-C1D0-4B99-86D7-E9AD0DCEF59F}.Release - OS X|x86.ActiveCfg = Release|Any CPU
		{CB6CF019-C1D0-4B99-86D7-E9AD0DCEF59F}.Release - Windows|x64.ActiveCfg = Release|Any CPU
		{CB6CF019-C1D0-4B99-86D7-E9AD0DCEF59F}.Release - Windows|x86.ActiveCfg = Release|Any CPU
		{1F6BD7C2-289C-4628-B475-C44E43655142}.Debug - Linux|x64.ActiveCfg = Debug|Any CPU
		{1F6BD7C2-289C-4628-B475-C44E43655142}.Debug - Linux|x86.ActiveCfg = Debug|Any CPU
		{1F6BD7C2-289C-4628-B475-C44E43655142}.Debug - OS X|x64.ActiveCfg = Debug|Any CPU
		{1F6BD7C2-289C-4628-B475-C44E43655142}.Debug - OS X|x64.Build.0 = Debug|Any CPU
		{1F6BD7C2-289C-4628-B475-C44E43655142}.Debug - OS X|x86.ActiveCfg = Debug|Any CPU
		{1F6BD7C2-289C-4628-B475-C44E43655142}.Debug - OS X|x86.Build.0 = Debug|Any CPU
		{1F6BD7C2-289C-4628-B475-C44E43655142}.Debug - Windows|x64.ActiveCfg = Debug|Any CPU
		{1F6BD7C2-289C-4628-B475-C44E43655142}.Debug - Windows|x86.ActiveCfg = Debug|Any CPU
		{1F6BD7C2-289C-4628-B475-C44E43655142}.Release - Linux|x64.ActiveCfg = Release|Any CPU
		{1F6BD7C2-289C-4628-B475-C44E43655142}.Release - Linux|x86.ActiveCfg = Release|Any CPU
		{1F6BD7C2-289C-4628-B475-C44E43655142}.Release - OS X|x64.ActiveCfg = Release|Any CPU
		{1F6BD7C2-289C-4628-B475-C44E43655142}.Release - OS X|x64.Build.0 = Release|Any CPU
		{1F6BD7C2-289C-4628-B475-C44E43655142}.Release - OS X|x86.ActiveCfg = Release|Any CPU
		{1F6BD7C2-289C-4628-B475-C44E43655142}.Release - OS X|x86.Build.0 = Release|Any CPU
		{1F6BD7C2-289C-4628-B475-C44E43655142}.Release - Windows|x64.ActiveCfg = Release|Any CPU
		{1F6BD7C2-289C-4628-B475-C44E43655142}.Release - Windows|x86.ActiveCfg = Release|Any CPU
		{B265BF7E-A4F0-49EC-8E6F-828183875D70}.Debug - Linux|x64.ActiveCfg = Debug|Any CPU
		{B265BF7E-A4F0-49EC-8E6F-828183875D70}.Debug - Linux|x64.Build.0 = Debug|Any CPU
		{B265BF7E-A4F0-49EC-8E6F-828183875D70}.Debug - Linux|x86.ActiveCfg = Debug|Any CPU
		{B265BF7E-A4F0-49EC-8E6F-828183875D70}.Debug - Linux|x86.Build.0 = Debug|Any CPU
		{B265BF7E-A4F0-49EC-8E6F-828183875D70}.Debug - OS X|x64.ActiveCfg = Debug|Any CPU
		{B265BF7E-A4F0-49EC-8E6F-828183875D70}.Debug - OS X|x86.ActiveCfg = Debug|Any CPU
		{B265BF7E-A4F0-49EC-8E6F-828183875D70}.Debug - Windows|x64.ActiveCfg = Debug|Any CPU
		{B265BF7E-A4F0-49EC-8E6F-828183875D70}.Debug - Windows|x86.ActiveCfg = Debug|Any CPU
		{B265BF7E-A4F0-49EC-8E6F-828183875D70}.Release - Linux|x64.ActiveCfg = Release|Any CPU
		{B265BF7E-A4F0-49EC-8E6F-828183875D70}.Release - Linux|x64.Build.0 = Release|Any CPU
		{B265BF7E-A4F0-49EC-8E6F-828183875D70}.Release - Linux|x86.ActiveCfg = Release|Any CPU
		{B265BF7E-A4F0-49EC-8E6F-828183875D70}.Release - Linux|x86.Build.0 = Release|Any CPU
		{B265BF7E-A4F0-49EC-8E6F-828183875D70}.Release - OS X|x64.ActiveCfg = Release|Any CPU
		{B265BF7E-A4F0-49EC-8E6F-828183875D70}.Release - OS X|x86.ActiveCfg = Release|Any CPU
		{B265BF7E-A4F0-49EC-8E6F-828183875D70}.Release - Windows|x64.ActiveCfg = Release|Any CPU
		{B265BF7E-A4F0-49EC-8E6F-828183875D70}.Release - Windows|x86.ActiveCfg = Release|Any CPU
		{CCA7D23A-CCEE-4F14-A305-D36B6F77BFFE}.Debug - Linux|x64.ActiveCfg = Debug|Any CPU
		{CCA7D23A-CCEE-4F14-A305-D36B6F77BFFE}.Debug - Linux|x64.Build.0 = Debug|Any CPU
		{CCA7D23A-CCEE-4F14-A305-D36B6F77BFFE}.Debug - Linux|x86.ActiveCfg = Debug|Any CPU
		{CCA7D23A-CCEE-4F14-A305-D36B6F77BFFE}.Debug - Linux|x86.Build.0 = Debug|Any CPU
		{CCA7D23A-CCEE-4F14-A305-D36B6F77BFFE}.Debug - OS X|x64.ActiveCfg = Debug|Any CPU
		{CCA7D23A-CCEE-4F14-A305-D36B6F77BFFE}.Debug - OS X|x86.ActiveCfg = Debug|Any CPU
		{CCA7D23A-CCEE-4F14-A305-D36B6F77BFFE}.Debug - Windows|x64.ActiveCfg = Debug|Any CPU
		{CCA7D23A-CCEE-4F14-A305-D36B6F77BFFE}.Debug - Windows|x86.ActiveCfg = Debug|Any CPU
		{CCA7D23A-CCEE-4F14-A305-D36B6F77BFFE}.Release - Linux|x64.ActiveCfg = Release|Any CPU
		{CCA7D23A-CCEE-4F14-A305-D36B6F77BFFE}.Release - Linux|x64.Build.0 = Release|Any CPU
		{CCA7D23A-CCEE-4F14-A305-D36B6F77BFFE}.Release - Linux|x86.ActiveCfg = Release|Any CPU
		{CCA7D23A-CCEE-4F14-A305-D36B6F77BFFE}.Release - Linux|x86.Build.0 = Release|Any CPU
		{CCA7D23A-CCEE-4F14-A305-D36B6F77BFFE}.Release - OS X|x64.ActiveCfg = Release|Any CPU
		{CCA7D23A-CCEE-4F14-A305-D36B6F77BFFE}.Release - OS X|x86.ActiveCfg = Release|Any CPU
		{CCA7D23A-CCEE-4F14-A305-D36B6F77BFFE}.Release - Windows|x64.ActiveCfg = Release|Any CPU
		{CCA7D23A-CCEE-4F14-A305-D36B6F77BFFE}.Release - Windows|x86.ActiveCfg = Release|Any CPU
		{1D90F891-A24A-432E-810F-2D83F7B7EE2E}.Debug - Linux|x64.ActiveCfg = Debug|Any CPU
		{1D90F891-A24A-432E-810F-2D83F7B7EE2E}.Debug - Linux|x86.ActiveCfg = Debug|Any CPU
		{1D90F891-A24A-432E-810F-2D83F7B7EE2E}.Debug - OS X|x64.ActiveCfg = Debug|Any CPU
		{1D90F891-A24A-432E-810F-2D83F7B7EE2E}.Debug - OS X|x64.Build.0 = Debug|Any CPU
		{1D90F891-A24A-432E-810F-2D83F7B7EE2E}.Debug - OS X|x86.ActiveCfg = Debug|Any CPU
		{1D90F891-A24A-432E-810F-2D83F7B7EE2E}.Debug - OS X|x86.Build.0 = Debug|Any CPU
		{1D90F891-A24A-432E-810F-2D83F7B7EE2E}.Debug - Windows|x64.ActiveCfg = Debug|Any CPU
		{1D90F891-A24A-432E-810F-2D83F7B7EE2E}.Debug - Windows|x86.ActiveCfg = Debug|Any CPU
		{1D90F891-A24A-432E-810F-2D83F7B7EE2E}.Release - Linux|x64.ActiveCfg = Release|Any CPU
		{1D90F891-A24A-432E-810F-2D83F7B7EE2E}.Release - Linux|x86.ActiveCfg = Release|Any CPU
		{1D90F891-A24A-432E-810F-2D83F7B7EE2E}.Release - OS X|x64.ActiveCfg = Release|Any CPU
		{1D90F891-A24A-432E-810F-2D83F7B7EE2E}.Release - OS X|x64.Build.0 = Release|Any CPU
		{1D90F891-A24A-432E-810F-2D83F7B7EE2E}.Release - OS X|x86.ActiveCfg = Release|Any CPU
		{1D90F891-A24A-432E-810F-2D83F7B7EE2E}.Release - OS X|x86.Build.0 = Release|Any CPU
		{1D90F891-A24A-432E-810F-2D83F7B7EE2E}.Release - Windows|x64.ActiveCfg = Release|Any CPU
		{1D90F891-A24A-432E-810F-2D83F7B7EE2E}.Release - Windows|x86.ActiveCfg = Release|Any CPU
		{50F5BD97-6534-458D-A9C5-A00904B95DBD}.Debug - Linux|x64.ActiveCfg = Debug|x64
		{50F5BD97-6534-458D-A9C5-A00904B95DBD}.Debug - Linux|x86.ActiveCfg = Debug|x86
		{50F5BD97-6534-458D-A9C5-A00904B95DBD}.Debug - OS X|x64.ActiveCfg = Debug|x64
		{50F5BD97-6534-458D-A9C5-A00904B95DBD}.Debug - OS X|x86.ActiveCfg = Debug|x86
		{50F5BD97-6534-458D-A9C5-A00904B95DBD}.Debug - Windows|x64.ActiveCfg = Debug|x64
		{50F5BD97-6534-458D-A9C5-A00904B95DBD}.Debug - Windows|x64.Build.0 = Debug|x64
		{50F5BD97-6534-458D-A9C5-A00904B95DBD}.Debug - Windows|x86.ActiveCfg = Debug|x86
		{50F5BD97-6534-458D-A9C5-A00904B95DBD}.Debug - Windows|x86.Build.0 = Debug|x86
		{50F5BD97-6534-458D-A9C5-A00904B95DBD}.Release - Linux|x64.ActiveCfg = Release|x64
		{50F5BD97-6534-458D-A9C5-A00904B95DBD}.Release - Linux|x86.ActiveCfg = Release|x86
		{50F5BD97-6534-458D-A9C5-A00904B95DBD}.Release - OS X|x64.ActiveCfg = Release|x64
		{50F5BD97-6534-458D-A9C5-A00904B95DBD}.Release - OS X|x86.ActiveCfg = Release|x86
		{50F5BD97-6534-458D-A9C5-A00904B95DBD}.Release - Windows|x64.ActiveCfg = Release|x64
		{50F5BD97-6534-458D-A9C5-A00904B95DBD}.Release - Windows|x64.Build.0 = Release|x64
		{50F5BD97-6534-458D-A9C5-A00904B95DBD}.Release - Windows|x86.ActiveCfg = Release|x86
		{50F5BD97-6534-458D-A9C5-A00904B95DBD}.Release - Windows|x86.Build.0 = Release|x86
		{21441695-C170-456D-911C-F8316B4B8309}.Debug - Linux|x64.ActiveCfg = Debug|x64
		{21441695-C170-456D-911C-F8316B4B8309}.Debug - Linux|x86.ActiveCfg = Debug|Win32
		{21441695-C170-456D-911C-F8316B4B8309}.Debug - OS X|x64.ActiveCfg = Debug|x64
		{21441695-C170-456D-911C-F8316B4B8309}.Debug - OS X|x86.ActiveCfg = Debug|Win32
		{21441695-C170-456D-911C-F8316B4B8309}.Debug - Windows|x64.ActiveCfg = Debug|x64
		{21441695-C170-456D-911C-F8316B4B8309}.Debug - Windows|x64.Build.0 = Debug|x64
		{21441695-C170-456D-911C-F8316B4B8309}.Debug - Windows|x86.ActiveCfg = Debug|Win32
		{21441695-C170-456D-911C-F8316B4B8309}.Debug - Windows|x86.Build.0 = Debug|Win32
		{21441695-C170-456D-911C-F8316B4B8309}.Release - Linux|x64.ActiveCfg = Release|x64
		{21441695-C170-456D-911C-F8316B4B8309}.Release - Linux|x86.ActiveCfg = Release|Win32
		{21441695-C170-456D-911C-F8316B4B8309}.Release - OS X|x64.ActiveCfg = Release|x64
		{21441695-C170-456D-911C-F8316B4B8309}.Release - OS X|x86.ActiveCfg = Release|Win32
		{21441695-C170-456D-911C-F8316B4B8309}.Release - Windows|x64.ActiveCfg = Debug|x64
		{21441695-C170-456D-911C-F8316B4B8309}.Release - Windows|x64.Build.0 = Debug|x64
		{21441695-C170-456D-911C-F8316B4B8309}.Release - Windows|x86.ActiveCfg = Debug|Win32
		{21441695-C170-456D-911C-F8316B4B8309}.Release - Windows|x86.Build.0 = Debug|Win32
		{3C73B151-DBE6-40D9-9458-88C87BCF5922}.Debug - Linux|x64.ActiveCfg = Debug|x64
		{3C73B151-DBE6-40D9-9458-88C87BCF5922}.Debug - Linux|x86.ActiveCfg = Debug|Win32
		{3C73B151-DBE6-40D9-9458-88C87BCF5922}.Debug - OS X|x64.ActiveCfg = Debug|x64
		{3C73B151-DBE6-40D9-9458-88C87BCF5922}.Debug - OS X|x86.ActiveCfg = Debug|Win32
		{3C73B151-DBE6-40D9-9458-88C87BCF5922}.Debug - Windows|x64.ActiveCfg = Debug|x64
		{3C73B151-DBE6-40D9-9458-88C87BCF5922}.Debug - Windows|x64.Build.0 = Debug|x64
		{3C73B151-DBE6-40D9-9458-88C87BCF5922}.Debug - Windows|x86.ActiveCfg = Debug|Win32
		{3C73B151-DBE6-40D9-9458-88C87BCF5922}.Debug - Windows|x86.Build.0 = Debug|Win32
		{3C73B151-DBE6-40D9-9458-88C87BCF5922}.Release - Linux|x64.ActiveCfg = Release|x64
		{3C73B151-DBE6-40D9-9458-88C87BCF5922}.Release - Linux|x86.ActiveCfg = Release|Win32
		{3C73B151-DBE6-40D9-9458-88C87BCF5922}.Release - OS X|x64.ActiveCfg = Release|x64
		{3C73B151-DBE6-40D9-9458-88C87BCF5922}.Release - OS X|x86.ActiveCfg = Release|Win32
		{3C73B151-DBE6-40D9-9458-88C87BCF5922}.Release - Windows|x64.ActiveCfg = Debug|x64
		{3C73B151-DBE6-40D9-9458-88C87BCF5922}.Release - Windows|x64.Build.0 = Debug|x64
		{3C73B151-DBE6-40D9-9458-88C87BCF5922}.Release - Windows|x86.ActiveCfg = Debug|Win32
		{3C73B151-DBE6-40D9-9458-88C87BCF5922}.Release - Windows|x86.Build.0 = Debug|Win32
		{ABA857FF-840B-4839-BE6D-61EA8B292B62}.Debug - Linux|x64.ActiveCfg = Debug|x64
		{ABA857FF-840B-4839-BE6D-61EA8B292B62}.Debug - Linux|x86.ActiveCfg = Debug|Win32
		{ABA857FF-840B-4839-BE6D-61EA8B292B62}.Debug - OS X|x64.ActiveCfg = Debug|x64
		{ABA857FF-840B-4839-BE6D-61EA8B292B62}.Debug - OS X|x86.ActiveCfg = Debug|Win32
		{ABA857FF-840B-4839-BE6D-61EA8B292B62}.Debug - Windows|x64.ActiveCfg = Debug|x64
		{ABA857FF-840B-4839-BE6D-61EA8B292B62}.Debug - Windows|x64.Build.0 = Debug|x64
		{ABA857FF-840B-4839-BE6D-61EA8B292B62}.Debug - Windows|x86.ActiveCfg = Debug|Win32
		{ABA857FF-840B-4839-BE6D-61EA8B292B62}.Debug - Windows|x86.Build.0 = Debug|Win32
		{ABA857FF-840B-4839-BE6D-61EA8B292B62}.Release - Linux|x64.ActiveCfg = Release|x64
		{ABA857FF-840B-4839-BE6D-61EA8B292B62}.Release - Linux|x86.ActiveCfg = Release|Win32
		{ABA857FF-840B-4839-BE6D-61EA8B292B62}.Release - OS X|x64.ActiveCfg = Release|x64
		{ABA857FF-840B-4839-BE6D-61EA8B292B62}.Release - OS X|x86.ActiveCfg = Release|Win32
		{ABA857FF-840B-4839-BE6D-61EA8B292B62}.Release - Windows|x64.ActiveCfg = Debug|x64
		{ABA857FF-840B-4839-BE6D-61EA8B292B62}.Release - Windows|x64.Build.0 = Debug|x64
		{ABA857FF-840B-4839-BE6D-61EA8B292B62}.Release - Windows|x86.ActiveCfg = Debug|Win32
		{ABA857FF-840B-4839-BE6D-61EA8B292B62}.Release - Windows|x86.Build.0 = Debug|Win32
		{F8C28C52-C17D-44F0-BE88-691C463482B8}.Debug - Linux|x64.ActiveCfg = Debug|x64
		{F8C28C52-C17D-44F0-BE88-691C463482B8}.Debug - Linux|x86.ActiveCfg = Debug|Win32
		{F8C28C52-C17D-44F0-BE88-691C463482B8}.Debug - OS X|x64.ActiveCfg = Debug|x64
		{F8C28C52-C17D-44F0-BE88-691C463482B8}.Debug - OS X|x86.ActiveCfg = Debug|Win32
		{F8C28C52-C17D-44F0-BE88-691C463482B8}.Debug - Windows|x64.ActiveCfg = Debug|x64
		{F8C28C52-C17D-44F0-BE88-691C463482B8}.Debug - Windows|x64.Build.0 = Debug|x64
		{F8C28C52-C17D-44F0-BE88-691C463482B8}.Debug - Windows|x86.ActiveCfg = Debug|Win32
		{F8C28C52-C17D-44F0-BE88-691C463482B8}.Debug - Windows|x86.Build.0 = Debug|Win32
		{F8C28C52-C17D-44F0-BE88-691C463482B8}.Release - Linux|x64.ActiveCfg = Release|x64
		{F8C28C52-C17D-44F0-BE88-691C463482B8}.Release - Linux|x86.ActiveCfg = Release|Win32
		{F8C28C52-C17D-44F0-BE88-691C463482B8}.Release - OS X|x64.ActiveCfg = Release|x64
		{F8C28C52-C17D-44F0-BE88-691C463482B8}.Release - OS X|x86.ActiveCfg = Release|Win32
		{F8C28C52-C17D-44F0-BE88-691C463482B8}.Release - Windows|x64.ActiveCfg = Debug|x64
		{F8C28C52-C17D-44F0-BE88-691C463482B8}.Release - Windows|x64.Build.0 = Debug|x64
		{F8C28C52-C17D-44F0-BE88-691C463482B8}.Release - Windows|x86.ActiveCfg = Debug|Win32
		{F8C28C52-C17D-44F0-BE88-691C463482B8}.Release - Windows|x86.Build.0 = Debug|Win32
		{DB3442E5-BAD7-41DC-B9CA-3DC859933848}.Debug - Linux|x64.ActiveCfg = Debug|x64
		{DB3442E5-BAD7-41DC-B9CA-3DC859933848}.Debug - Linux|x86.ActiveCfg = Debug|Win32
		{DB3442E5-BAD7-41DC-B9CA-3DC859933848}.Debug - OS X|x64.ActiveCfg = Debug|x64
		{DB3442E5-BAD7-41DC-B9CA-3DC859933848}.Debug - OS X|x86.ActiveCfg = Debug|Win32
		{DB3442E5-BAD7-41DC-B9CA-3DC859933848}.Debug - Windows|x64.ActiveCfg = Debug|x64
		{DB3442E5-BAD7-41DC-B9CA-3DC859933848}.Debug - Windows|x86.ActiveCfg = Debug|Win32
		{DB3442E5-BAD7-41DC-B9CA-3DC859933848}.Release - Linux|x64.ActiveCfg = Release|x64
		{DB3442E5-BAD7-41DC-B9CA-3DC859933848}.Release - Linux|x86.ActiveCfg = Release|Win32
		{DB3442E5-BAD7-41DC-B9CA-3DC859933848}.Release - OS X|x64.ActiveCfg = Release|x64
		{DB3442E5-BAD7-41DC-B9CA-3DC859933848}.Release - OS X|x86.ActiveCfg = Release|Win32
		{DB3442E5-BAD7-41DC-B9CA-3DC859933848}.Release - Windows|x64.ActiveCfg = Release|x64
		{DB3442E5-BAD7-41DC-B9CA-3DC859933848}.Release - Windows|x86.ActiveCfg = Release|Win32
		{3F28EC10-B35F-4CA0-9BEE-AA0F44C9C33C}.Debug - Linux|x64.ActiveCfg = Debug|x64
		{3F28EC10-B35F-4CA0-9BEE-AA0F44C9C33C}.Debug - Linux|x86.ActiveCfg = Debug|Win32
		{3F28EC10-B35F-4CA0-9BEE-AA0F44C9C33C}.Debug - OS X|x64.ActiveCfg = Debug|x64
		{3F28EC10-B35F-4CA0-9BEE-AA0F44C9C33C}.Debug - OS X|x86.ActiveCfg = Debug|Win32
		{3F28EC10-B35F-4CA0-9BEE-AA0F44C9C33C}.Debug - Windows|x64.ActiveCfg = Debug|x64
		{3F28EC10-B35F-4CA0-9BEE-AA0F44C9C33C}.Debug - Windows|x86.ActiveCfg = Debug|Win32
		{3F28EC10-B35F-4CA0-9BEE-AA0F44C9C33C}.Release - Linux|x64.ActiveCfg = Release|x64
		{3F28EC10-B35F-4CA0-9BEE-AA0F44C9C33C}.Release - Linux|x86.ActiveCfg = Release|Win32
		{3F28EC10-B35F-4CA0-9BEE-AA0F44C9C33C}.Release - OS X|x64.ActiveCfg = Release|x64
		{3F28EC10-B35F-4CA0-9BEE-AA0F44C9C33C}.Release - OS X|x86.ActiveCfg = Release|Win32
		{3F28EC10-B35F-4CA0-9BEE-AA0F44C9C33C}.Release - Windows|x64.ActiveCfg = Release|x64
		{3F28EC10-B35F-4CA0-9BEE-AA0F44C9C33C}.Release - Windows|x86.ActiveCfg = Release|Win32
		{06F6FC86-505E-407E-8740-1CB9265A4AC8}.Debug - Linux|x64.ActiveCfg = Debug - Linux|Any CPU
		{06F6FC86-505E-407E-8740-1CB9265A4AC8}.Debug - Linux|x64.Build.0 = Debug - Linux|Any CPU
		{06F6FC86-505E-407E-8740-1CB9265A4AC8}.Debug - Linux|x86.ActiveCfg = Debug - Linux|Any CPU
		{06F6FC86-505E-407E-8740-1CB9265A4AC8}.Debug - Linux|x86.Build.0 = Debug - Linux|Any CPU
		{06F6FC86-505E-407E-8740-1CB9265A4AC8}.Debug - OS X|x64.ActiveCfg = Debug - OS X|Any CPU
		{06F6FC86-505E-407E-8740-1CB9265A4AC8}.Debug - OS X|x64.Build.0 = Debug - OS X|Any CPU
		{06F6FC86-505E-407E-8740-1CB9265A4AC8}.Debug - OS X|x86.ActiveCfg = Debug - OS X|Any CPU
		{06F6FC86-505E-407E-8740-1CB9265A4AC8}.Debug - OS X|x86.Build.0 = Debug - OS X|Any CPU
		{06F6FC86-505E-407E-8740-1CB9265A4AC8}.Debug - Windows|x64.ActiveCfg = Debug - Windows|x64
		{06F6FC86-505E-407E-8740-1CB9265A4AC8}.Debug - Windows|x64.Build.0 = Debug - Windows|x64
		{06F6FC86-505E-407E-8740-1CB9265A4AC8}.Debug - Windows|x86.ActiveCfg = Debug - Windows|x86
		{06F6FC86-505E-407E-8740-1CB9265A4AC8}.Debug - Windows|x86.Build.0 = Debug - Windows|x86
		{06F6FC86-505E-407E-8740-1CB9265A4AC8}.Release - Linux|x64.ActiveCfg = Release - Windows|Any CPU
		{06F6FC86-505E-407E-8740-1CB9265A4AC8}.Release - Linux|x64.Build.0 = Release - Windows|Any CPU
		{06F6FC86-505E-407E-8740-1CB9265A4AC8}.Release - Linux|x86.ActiveCfg = Release - Linux|Any CPU
		{06F6FC86-505E-407E-8740-1CB9265A4AC8}.Release - Linux|x86.Build.0 = Release - Linux|Any CPU
		{06F6FC86-505E-407E-8740-1CB9265A4AC8}.Release - OS X|x64.ActiveCfg = Release - OS X|Any CPU
		{06F6FC86-505E-407E-8740-1CB9265A4AC8}.Release - OS X|x64.Build.0 = Release - OS X|Any CPU
		{06F6FC86-505E-407E-8740-1CB9265A4AC8}.Release - OS X|x86.ActiveCfg = Release - OS X|Any CPU
		{06F6FC86-505E-407E-8740-1CB9265A4AC8}.Release - OS X|x86.Build.0 = Release - OS X|Any CPU
		{06F6FC86-505E-407E-8740-1CB9265A4AC8}.Release - Windows|x64.ActiveCfg = Release - Windows|x64
		{06F6FC86-505E-407E-8740-1CB9265A4AC8}.Release - Windows|x64.Build.0 = Release - Windows|x64
		{06F6FC86-505E-407E-8740-1CB9265A4AC8}.Release - Windows|x86.ActiveCfg = Release - Windows|x86
		{06F6FC86-505E-407E-8740-1CB9265A4AC8}.Release - Windows|x86.Build.0 = Release - Windows|x86
		{E73BB233-D88B-44A7-A98F-D71EE158381D}.Debug - Linux|x64.ActiveCfg = Debug|Any CPU
		{E73BB233-D88B-44A7-A98F-D71EE158381D}.Debug - Linux|x64.Build.0 = Debug|Any CPU
		{E73BB233-D88B-44A7-A98F-D71EE158381D}.Debug - Linux|x86.ActiveCfg = Debug|Any CPU
		{E73BB233-D88B-44A7-A98F-D71EE158381D}.Debug - Linux|x86.Build.0 = Debug|Any CPU
		{E73BB233-D88B-44A7-A98F-D71EE158381D}.Debug - OS X|x64.ActiveCfg = Debug|Any CPU
		{E73BB233-D88B-44A7-A98F-D71EE158381D}.Debug - OS X|x64.Build.0 = Debug|Any CPU
		{E73BB233-D88B-44A7-A98F-D71EE158381D}.Debug - OS X|x86.ActiveCfg = Debug|Any CPU
		{E73BB233-D88B-44A7-A98F-D71EE158381D}.Debug - OS X|x86.Build.0 = Debug|Any CPU
		{E73BB233-D88B-44A7-A98F-D71EE158381D}.Debug - Windows|x64.ActiveCfg = Debug|Any CPU
		{E73BB233-D88B-44A7-A98F-D71EE158381D}.Debug - Windows|x64.Build.0 = Debug|Any CPU
		{E73BB233-D88B-44A7-A98F-D71EE158381D}.Debug - Windows|x86.ActiveCfg = Debug|Any CPU
		{E73BB233-D88B-44A7-A98F-D71EE158381D}.Debug - Windows|x86.Build.0 = Debug|Any CPU
		{E73BB233-D88B-44A7-A98F-D71EE158381D}.Release - Linux|x64.ActiveCfg = Release|Any CPU
		{E73BB233-D88B-44A7-A98F-D71EE158381D}.Release - Linux|x64.Build.0 = Release|Any CPU
		{E73BB233-D88B-44A7-A98F-D71EE158381D}.Release - Linux|x86.ActiveCfg = Release|Any CPU
		{E73BB233-D88B-44A7-A98F-D71EE158381D}.Release - Linux|x86.Build.0 = Release|Any CPU
		{E73BB233-D88B-44A7-A98F-D71EE158381D}.Release - OS X|x64.ActiveCfg = Release|Any CPU
		{E73BB233-D88B-44A7-A98F-D71EE158381D}.Release - OS X|x64.Build.0 = Release|Any CPU
		{E73BB233-D88B-44A7-A98F-D71EE158381D}.Release - OS X|x86.ActiveCfg = Release|Any CPU
		{E73BB233-D88B-44A7-A98F-D71EE158381D}.Release - OS X|x86.Build.0 = Release|Any CPU
		{E73BB233-D88B-44A7-A98F-D71EE158381D}.Release - Windows|x64.ActiveCfg = Release|Any CPU
		{E73BB233-D88B-44A7-A98F-D71EE158381D}.Release - Windows|x64.Build.0 = Release|Any CPU
		{E73BB233-D88B-44A7-A98F-D71EE158381D}.Release - Windows|x86.ActiveCfg = Release|Any CPU
		{E73BB233-D88B-44A7-A98F-D71EE158381D}.Release - Windows|x86.Build.0 = Release|Any CPU
		{26C5F25F-B450-4CAF-AD8B-B8D11AE73457}.Debug - Linux|x64.ActiveCfg = Debug|Any CPU
		{26C5F25F-B450-4CAF-AD8B-B8D11AE73457}.Debug - Linux|x64.Build.0 = Debug|Any CPU
		{26C5F25F-B450-4CAF-AD8B-B8D11AE73457}.Debug - Linux|x86.ActiveCfg = Debug|Any CPU
		{26C5F25F-B450-4CAF-AD8B-B8D11AE73457}.Debug - Linux|x86.Build.0 = Debug|Any CPU
		{26C5F25F-B450-4CAF-AD8B-B8D11AE73457}.Debug - OS X|x64.ActiveCfg = Debug|Any CPU
		{26C5F25F-B450-4CAF-AD8B-B8D11AE73457}.Debug - OS X|x64.Build.0 = Debug|Any CPU
		{26C5F25F-B450-4CAF-AD8B-B8D11AE73457}.Debug - OS X|x86.ActiveCfg = Debug|Any CPU
		{26C5F25F-B450-4CAF-AD8B-B8D11AE73457}.Debug - OS X|x86.Build.0 = Debug|Any CPU
		{26C5F25F-B450-4CAF-AD8B-B8D11AE73457}.Debug - Windows|x64.ActiveCfg = Debug|Any CPU
		{26C5F25F-B450-4CAF-AD8B-B8D11AE73457}.Debug - Windows|x64.Build.0 = Debug|Any CPU
		{26C5F25F-B450-4CAF-AD8B-B8D11AE73457}.Debug - Windows|x86.ActiveCfg = Debug|Any CPU
		{26C5F25F-B450-4CAF-AD8B-B8D11AE73457}.Debug - Windows|x86.Build.0 = Debug|Any CPU
		{26C5F25F-B450-4CAF-AD8B-B8D11AE73457}.Release - Linux|x64.ActiveCfg = Release|Any CPU
		{26C5F25F-B450-4CAF-AD8B-B8D11AE73457}.Release - Linux|x64.Build.0 = Release|Any CPU
		{26C5F25F-B450-4CAF-AD8B-B8D11AE73457}.Release - Linux|x86.ActiveCfg = Release|Any CPU
		{26C5F25F-B450-4CAF-AD8B-B8D11AE73457}.Release - Linux|x86.Build.0 = Release|Any CPU
		{26C5F25F-B450-4CAF-AD8B-B8D11AE73457}.Release - OS X|x64.ActiveCfg = Release|Any CPU
		{26C5F25F-B450-4CAF-AD8B-B8D11AE73457}.Release - OS X|x64.Build.0 = Release|Any CPU
		{26C5F25F-B450-4CAF-AD8B-B8D11AE73457}.Release - OS X|x86.ActiveCfg = Release|Any CPU
		{26C5F25F-B450-4CAF-AD8B-B8D11AE73457}.Release - OS X|x86.Build.0 = Release|Any CPU
		{26C5F25F-B450-4CAF-AD8B-B8D11AE73457}.Release - Windows|x64.ActiveCfg = Release|Any CPU
		{26C5F25F-B450-4CAF-AD8B-B8D11AE73457}.Release - Windows|x64.Build.0 = Release|Any CPU
		{26C5F25F-B450-4CAF-AD8B-B8D11AE73457}.Release - Windows|x86.ActiveCfg = Release|Any CPU
		{26C5F25F-B450-4CAF-AD8B-B8D11AE73457}.Release - Windows|x86.Build.0 = Release|Any CPU
		{6FFD872F-A4A4-4EFA-9B4D-4342BA6CF250}.Debug - Linux|x64.ActiveCfg = Debug - Mono|Any CPU
		{6FFD872F-A4A4-4EFA-9B4D-4342BA6CF250}.Debug - Linux|x64.Build.0 = Debug - Mono|Any CPU
		{6FFD872F-A4A4-4EFA-9B4D-4342BA6CF250}.Debug - Linux|x86.ActiveCfg = Debug - Mono|Any CPU
		{6FFD872F-A4A4-4EFA-9B4D-4342BA6CF250}.Debug - Linux|x86.Build.0 = Debug - Mono|Any CPU
		{6FFD872F-A4A4-4EFA-9B4D-4342BA6CF250}.Debug - OS X|x64.ActiveCfg = Debug - Mono|Any CPU
		{6FFD872F-A4A4-4EFA-9B4D-4342BA6CF250}.Debug - OS X|x64.Build.0 = Debug - Mono|Any CPU
		{6FFD872F-A4A4-4EFA-9B4D-4342BA6CF250}.Debug - OS X|x86.ActiveCfg = Debug - Mono|Any CPU
		{6FFD872F-A4A4-4EFA-9B4D-4342BA6CF250}.Debug - OS X|x86.Build.0 = Debug - Mono|Any CPU
		{6FFD872F-A4A4-4EFA-9B4D-4342BA6CF250}.Debug - Windows|x64.ActiveCfg = Debug|Any CPU
		{6FFD872F-A4A4-4EFA-9B4D-4342BA6CF250}.Debug - Windows|x64.Build.0 = Debug|Any CPU
		{6FFD872F-A4A4-4EFA-9B4D-4342BA6CF250}.Debug - Windows|x86.ActiveCfg = Debug|Any CPU
		{6FFD872F-A4A4-4EFA-9B4D-4342BA6CF250}.Debug - Windows|x86.Build.0 = Debug|Any CPU
		{6FFD872F-A4A4-4EFA-9B4D-4342BA6CF250}.Release - Linux|x64.ActiveCfg = Release - Mono|Any CPU
		{6FFD872F-A4A4-4EFA-9B4D-4342BA6CF250}.Release - Linux|x64.Build.0 = Release - Mono|Any CPU
		{6FFD872F-A4A4-4EFA-9B4D-4342BA6CF250}.Release - Linux|x86.ActiveCfg = Release - Mono|Any CPU
		{6FFD872F-A4A4-4EFA-9B4D-4342BA6CF250}.Release - Linux|x86.Build.0 = Release - Mono|Any CPU
		{6FFD872F-A4A4-4EFA-9B4D-4342BA6CF250}.Release - OS X|x64.ActiveCfg = Release - Mono|Any CPU
		{6FFD872F-A4A4-4EFA-9B4D-4342BA6CF250}.Release - OS X|x64.Build.0 = Release - Mono|Any CPU
		{6FFD872F-A4A4-4EFA-9B4D-4342BA6CF250}.Release - OS X|x86.ActiveCfg = Release - Mono|Any CPU
		{6FFD872F-A4A4-4EFA-9B4D-4342BA6CF250}.Release - OS X|x86.Build.0 = Release - Mono|Any CPU
		{6FFD872F-A4A4-4EFA-9B4D-4342BA6CF250}.Release - Windows|x64.ActiveCfg = Release|Any CPU
		{6FFD872F-A4A4-4EFA-9B4D-4342BA6CF250}.Release - Windows|x64.Build.0 = Release|Any CPU
		{6FFD872F-A4A4-4EFA-9B4D-4342BA6CF250}.Release - Windows|x86.ActiveCfg = Release|Any CPU
		{6FFD872F-A4A4-4EFA-9B4D-4342BA6CF250}.Release - Windows|x86.Build.0 = Release|Any CPU
	EndGlobalSection
	GlobalSection(SolutionProperties) = preSolution
		HideSolutionNode = FALSE
	EndGlobalSection
	GlobalSection(NestedProjects) = preSolution
		{21441695-C170-456D-911C-F8316B4B8309} = {AC1178FE-69E3-442E-ACA5-6C552119A151}
		{3C73B151-DBE6-40D9-9458-88C87BCF5922} = {AC1178FE-69E3-442E-ACA5-6C552119A151}
		{ABA857FF-840B-4839-BE6D-61EA8B292B62} = {AC1178FE-69E3-442E-ACA5-6C552119A151}
		{F8C28C52-C17D-44F0-BE88-691C463482B8} = {AC1178FE-69E3-442E-ACA5-6C552119A151}
		{E73BB233-D88B-44A7-A98F-D71EE158381D} = {76158CE1-CEDF-4741-B621-074AC140E61D}
		{26C5F25F-B450-4CAF-AD8B-B8D11AE73457} = {76158CE1-CEDF-4741-B621-074AC140E61D}
		{6FFD872F-A4A4-4EFA-9B4D-4342BA6CF250} = {76158CE1-CEDF-4741-B621-074AC140E61D}
	EndGlobalSection
	GlobalSection(MonoDevelopProperties) = preSolution
		StartupItem = Peach\Peach.csproj
	EndGlobalSection
EndGlobal
