
Microsoft Visual Studio Solution File, Format Version 10.00
# Visual Studio 2008
Project("{FAE04EC0-301F-11D3-BF4B-00C04F79EFBC}") = "PeachCore", "PeachCore\PeachCore.csproj", "{63C7C70D-0CBF-40EC-A11E-079B2E943D47}"
EndProject
Project("{FAE04EC0-301F-11D3-BF4B-00C04F79EFBC}") = "TestThings", "TestThings\TestThings.csproj", "{4F69CE0E-E20A-47CE-A101-8939A966CF3F}"
EndProject
Project("{2150E333-8FDC-42A3-9474-1A3956D46DE8}") = "Solution Items", "Solution Items", "{517FD253-BB2D-447C-BEAF-8EF4291D6615}"
	ProjectSection(SolutionItems) = preProject
		LocalTestRun.testrunconfig = LocalTestRun.testrunconfig
		Peach.net.vsmdi = Peach.net.vsmdi
		Peach.net1.vsmdi = Peach.net1.vsmdi
		Peach.net2.vsmdi = Peach.net2.vsmdi
	EndProjectSection
EndProject
Project("{FAE04EC0-301F-11D3-BF4B-00C04F79EFBC}") = "Peach", "Peach\Peach.csproj", "{52B8AB06-9191-4C0E-B308-9B3990B48E05}"
EndProject
Project("{FAE04EC0-301F-11D3-BF4B-00C04F79EFBC}") = "PeachFileFuzzer", "PeachFileFuzzer\PeachFileFuzzer.csproj", "{F2FC3605-A247-4FFF-95E3-06F7CA333DC2}"
EndProject
Project("{FAE04EC0-301F-11D3-BF4B-00C04F79EFBC}") = "PeachNetworkFuzzer", "PeachNetworkFuzzer\PeachNetworkFuzzer.csproj", "{6886D03D-9BEC-4F11-8C7B-2802EC714237}"
EndProject
Project("{FAE04EC0-301F-11D3-BF4B-00C04F79EFBC}") = "PeachCore.Test", "PeachCore.Test\PeachCore.Test.csproj", "{E9D153E8-1CCD-4AF3-8A58-AEEE6C3EF0E8}"
EndProject
Global
	GlobalSection(TestCaseManagementSettings) = postSolution
		CategoryFile = Peach.net2.vsmdi
	EndGlobalSection
	GlobalSection(SolutionConfigurationPlatforms) = preSolution
		Debug|Any CPU = Debug|Any CPU
		Release|Any CPU = Release|Any CPU
	EndGlobalSection
	GlobalSection(ProjectConfigurationPlatforms) = postSolution
		{63C7C70D-0CBF-40EC-A11E-079B2E943D47}.Debug|Any CPU.ActiveCfg = Debug|Any CPU
		{63C7C70D-0CBF-40EC-A11E-079B2E943D47}.Debug|Any CPU.Build.0 = Debug|Any CPU
		{63C7C70D-0CBF-40EC-A11E-079B2E943D47}.Release|Any CPU.ActiveCfg = Release|Any CPU
		{63C7C70D-0CBF-40EC-A11E-079B2E943D47}.Release|Any CPU.Build.0 = Release|Any CPU
		{4F69CE0E-E20A-47CE-A101-8939A966CF3F}.Debug|Any CPU.ActiveCfg = Debug|Any CPU
		{4F69CE0E-E20A-47CE-A101-8939A966CF3F}.Debug|Any CPU.Build.0 = Debug|Any CPU
		{4F69CE0E-E20A-47CE-A101-8939A966CF3F}.Release|Any CPU.ActiveCfg = Release|Any CPU
		{4F69CE0E-E20A-47CE-A101-8939A966CF3F}.Release|Any CPU.Build.0 = Release|Any CPU
		{52B8AB06-9191-4C0E-B308-9B3990B48E05}.Debug|Any CPU.ActiveCfg = Debug|Any CPU
		{52B8AB06-9191-4C0E-B308-9B3990B48E05}.Debug|Any CPU.Build.0 = Debug|Any CPU
		{52B8AB06-9191-4C0E-B308-9B3990B48E05}.Release|Any CPU.ActiveCfg = Release|Any CPU
		{52B8AB06-9191-4C0E-B308-9B3990B48E05}.Release|Any CPU.Build.0 = Release|Any CPU
		{F2FC3605-A247-4FFF-95E3-06F7CA333DC2}.Debug|Any CPU.ActiveCfg = Debug|Any CPU
		{F2FC3605-A247-4FFF-95E3-06F7CA333DC2}.Debug|Any CPU.Build.0 = Debug|Any CPU
		{F2FC3605-A247-4FFF-95E3-06F7CA333DC2}.Release|Any CPU.ActiveCfg = Release|Any CPU
		{F2FC3605-A247-4FFF-95E3-06F7CA333DC2}.Release|Any CPU.Build.0 = Release|Any CPU
		{6886D03D-9BEC-4F11-8C7B-2802EC714237}.Debug|Any CPU.ActiveCfg = Debug|Any CPU
		{6886D03D-9BEC-4F11-8C7B-2802EC714237}.Debug|Any CPU.Build.0 = Debug|Any CPU
		{6886D03D-9BEC-4F11-8C7B-2802EC714237}.Release|Any CPU.ActiveCfg = Release|Any CPU
		{6886D03D-9BEC-4F11-8C7B-2802EC714237}.Release|Any CPU.Build.0 = Release|Any CPU
		{E9D153E8-1CCD-4AF3-8A58-AEEE6C3EF0E8}.Debug|Any CPU.ActiveCfg = Debug|Any CPU
		{E9D153E8-1CCD-4AF3-8A58-AEEE6C3EF0E8}.Debug|Any CPU.Build.0 = Debug|Any CPU
		{E9D153E8-1CCD-4AF3-8A58-AEEE6C3EF0E8}.Release|Any CPU.ActiveCfg = Release|Any CPU
		{E9D153E8-1CCD-4AF3-8A58-AEEE6C3EF0E8}.Release|Any CPU.Build.0 = Release|Any CPU
	EndGlobalSection
	GlobalSection(SolutionProperties) = preSolution
		HideSolutionNode = FALSE
	EndGlobalSection
EndGlobal
