
Microsoft Visual Studio Solution File, Format Version 10.00
# Visual Studio 2008
Project("{FAE04EC0-301F-11D3-BF4B-00C04F79EFBC}") = "Core", "Core\Core.csproj", "{6307A2E0-C6E7-4667-9D2D-D4CA1BE94BE2}"
EndProject
Project("{FAE04EC0-301F-11D3-BF4B-00C04F79EFBC}") = "TestAssembly", "TestAssembly\TestAssembly.csproj", "{E79E7519-DA0B-4602-9EC3-2CD0B0A1B42E}"
EndProject
Project("{FAE04EC0-301F-11D3-BF4B-00C04F79EFBC}") = "TestObjFuzzer", "TestObjFuzzer\TestObjFuzzer.csproj", "{C84161F1-DD9B-4387-8507-133F126DA8DB}"
EndProject
Project("{FAE04EC0-301F-11D3-BF4B-00C04F79EFBC}") = "AssemblyFuzzer", "AssemblyFuzzer\AssemblyFuzzer.csproj", "{4146D5F7-32B8-4B0C-A561-33E887DC5215}"
EndProject
Global
	GlobalSection(SolutionConfigurationPlatforms) = preSolution
		Debug|Any CPU = Debug|Any CPU
		Release|Any CPU = Release|Any CPU
	EndGlobalSection
	GlobalSection(ProjectConfigurationPlatforms) = postSolution
		{6307A2E0-C6E7-4667-9D2D-D4CA1BE94BE2}.Debug|Any CPU.ActiveCfg = Debug|Any CPU
		{6307A2E0-C6E7-4667-9D2D-D4CA1BE94BE2}.Debug|Any CPU.Build.0 = Debug|Any CPU
		{6307A2E0-C6E7-4667-9D2D-D4CA1BE94BE2}.Release|Any CPU.ActiveCfg = Release|Any CPU
		{6307A2E0-C6E7-4667-9D2D-D4CA1BE94BE2}.Release|Any CPU.Build.0 = Release|Any CPU
		{E79E7519-DA0B-4602-9EC3-2CD0B0A1B42E}.Debug|Any CPU.ActiveCfg = Debug|Any CPU
		{E79E7519-DA0B-4602-9EC3-2CD0B0A1B42E}.Debug|Any CPU.Build.0 = Debug|Any CPU
		{E79E7519-DA0B-4602-9EC3-2CD0B0A1B42E}.Release|Any CPU.ActiveCfg = Release|Any CPU
		{E79E7519-DA0B-4602-9EC3-2CD0B0A1B42E}.Release|Any CPU.Build.0 = Release|Any CPU
		{C84161F1-DD9B-4387-8507-133F126DA8DB}.Debug|Any CPU.ActiveCfg = Debug|Any CPU
		{C84161F1-DD9B-4387-8507-133F126DA8DB}.Debug|Any CPU.Build.0 = Debug|Any CPU
		{C84161F1-DD9B-4387-8507-133F126DA8DB}.Release|Any CPU.ActiveCfg = Release|Any CPU
		{C84161F1-DD9B-4387-8507-133F126DA8DB}.Release|Any CPU.Build.0 = Release|Any CPU
		{4146D5F7-32B8-4B0C-A561-33E887DC5215}.Debug|Any CPU.ActiveCfg = Debug|Any CPU
		{4146D5F7-32B8-4B0C-A561-33E887DC5215}.Debug|Any CPU.Build.0 = Debug|Any CPU
		{4146D5F7-32B8-4B0C-A561-33E887DC5215}.Release|Any CPU.ActiveCfg = Release|Any CPU
		{4146D5F7-32B8-4B0C-A561-33E887DC5215}.Release|Any CPU.Build.0 = Release|Any CPU
	EndGlobalSection
	GlobalSection(SolutionProperties) = preSolution
		HideSolutionNode = FALSE
	EndGlobalSection
EndGlobal
